// !$*UTF8*$!
{
	archiveVersion = 1;
	classes = {
	};
	objectVersion = 46;
	objects = {

/* Begin PBXBuildFile section */
		D7E145AC1588CE7B00FE226A /* QuartzCore.framework in Frameworks */ = {isa = PBXBuildFile; fileRef = D7E145AB1588CE7B00FE226A /* QuartzCore.framework */; };
		D7E145AE1588CE7B00FE226A /* OpenGLES.framework in Frameworks */ = {isa = PBXBuildFile; fileRef = D7E145AD1588CE7B00FE226A /* OpenGLES.framework */; };
		D7E145B01588CE7B00FE226A /* OpenAL.framework in Frameworks */ = {isa = PBXBuildFile; fileRef = D7E145AF1588CE7B00FE226A /* OpenAL.framework */; };
		D7E145B21588CE7B00FE226A /* AudioToolbox.framework in Frameworks */ = {isa = PBXBuildFile; fileRef = D7E145B11588CE7B00FE226A /* AudioToolbox.framework */; };
		D7E145B41588CE7B00FE226A /* AVFoundation.framework in Frameworks */ = {isa = PBXBuildFile; fileRef = D7E145B31588CE7B00FE226A /* AVFoundation.framework */; };
		D7E145B61588CE7B00FE226A /* UIKit.framework in Frameworks */ = {isa = PBXBuildFile; fileRef = D7E145B51588CE7B00FE226A /* UIKit.framework */; };
		D7E145B81588CE7B00FE226A /* Foundation.framework in Frameworks */ = {isa = PBXBuildFile; fileRef = D7E145B71588CE7B00FE226A /* Foundation.framework */; };
		D7E145BA1588CE7B00FE226A /* CoreGraphics.framework in Frameworks */ = {isa = PBXBuildFile; fileRef = D7E145B91588CE7B00FE226A /* CoreGraphics.framework */; };
		D7E145BE1588CE7B00FE226A /* Default.png in Resources */ = {isa = PBXBuildFile; fileRef = D7E145BD1588CE7B00FE226A /* Default.png */; };
		D7E145C01588CE7B00FE226A /* fps_images.png in Resources */ = {isa = PBXBuildFile; fileRef = D7E145BF1588CE7B00FE226A /* fps_images.png */; };
		D7E145C21588CE7B00FE226A /* Icon-72.png in Resources */ = {isa = PBXBuildFile; fileRef = D7E145C11588CE7B00FE226A /* Icon-72.png */; };
		D7E145C41588CE7B00FE226A /* Icon-Small-50.png in Resources */ = {isa = PBXBuildFile; fileRef = D7E145C31588CE7B00FE226A /* Icon-Small-50.png */; };
		D7E145C61588CE7B00FE226A /* Icon-Small.png in Resources */ = {isa = PBXBuildFile; fileRef = D7E145C51588CE7B00FE226A /* Icon-Small.png */; };
		D7E145C81588CE7B00FE226A /* Icon-Small@2x.png in Resources */ = {isa = PBXBuildFile; fileRef = D7E145C71588CE7B00FE226A /* Icon-Small@2x.png */; };
		D7E145CA1588CE7B00FE226A /* Icon.png in Resources */ = {isa = PBXBuildFile; fileRef = D7E145C91588CE7B00FE226A /* Icon.png */; };
		D7E145CC1588CE7B00FE226A /* Icon@2x.png in Resources */ = {isa = PBXBuildFile; fileRef = D7E145CB1588CE7B00FE226A /* Icon@2x.png */; };
		D7E145CF1588CE7B00FE226A /* iTunesArtwork in Resources */ = {isa = PBXBuildFile; fileRef = D7E145CE1588CE7B00FE226A /* iTunesArtwork */; };
		D7E145D41588CE7B00FE226A /* CCAction.m in Sources */ = {isa = PBXBuildFile; fileRef = D7E145D31588CE7B00FE226A /* CCAction.m */; };
		D7E145D71588CE7B00FE226A /* CCActionCamera.m in Sources */ = {isa = PBXBuildFile; fileRef = D7E145D61588CE7B00FE226A /* CCActionCamera.m */; };
		D7E145DA1588CE7B00FE226A /* CCActionEase.m in Sources */ = {isa = PBXBuildFile; fileRef = D7E145D91588CE7B00FE226A /* CCActionEase.m */; };
		D7E145DD1588CE7B00FE226A /* CCActionGrid.m in Sources */ = {isa = PBXBuildFile; fileRef = D7E145DC1588CE7B00FE226A /* CCActionGrid.m */; };
		D7E145E01588CE7B00FE226A /* CCActionGrid3D.m in Sources */ = {isa = PBXBuildFile; fileRef = D7E145DF1588CE7B00FE226A /* CCActionGrid3D.m */; };
		D7E145E31588CE7B00FE226A /* CCActionInstant.m in Sources */ = {isa = PBXBuildFile; fileRef = D7E145E21588CE7B00FE226A /* CCActionInstant.m */; };
		D7E145E61588CE7B00FE226A /* CCActionInterval.m in Sources */ = {isa = PBXBuildFile; fileRef = D7E145E51588CE7B00FE226A /* CCActionInterval.m */; };
		D7E145E91588CE7B00FE226A /* CCActionManager.m in Sources */ = {isa = PBXBuildFile; fileRef = D7E145E81588CE7B00FE226A /* CCActionManager.m */; };
		D7E145EC1588CE7B00FE226A /* CCActionPageTurn3D.m in Sources */ = {isa = PBXBuildFile; fileRef = D7E145EB1588CE7B00FE226A /* CCActionPageTurn3D.m */; };
		D7E145EF1588CE7B00FE226A /* CCActionProgressTimer.m in Sources */ = {isa = PBXBuildFile; fileRef = D7E145EE1588CE7B00FE226A /* CCActionProgressTimer.m */; };
		D7E145F21588CE7B00FE226A /* CCActionTiledGrid.m in Sources */ = {isa = PBXBuildFile; fileRef = D7E145F11588CE7B00FE226A /* CCActionTiledGrid.m */; };
		D7E145F51588CE7B00FE226A /* CCActionTween.m in Sources */ = {isa = PBXBuildFile; fileRef = D7E145F41588CE7B00FE226A /* CCActionTween.m */; };
		D7E145F81588CE7B00FE226A /* CCAnimation.m in Sources */ = {isa = PBXBuildFile; fileRef = D7E145F71588CE7B00FE226A /* CCAnimation.m */; };
		D7E145FB1588CE7B00FE226A /* CCAnimationCache.m in Sources */ = {isa = PBXBuildFile; fileRef = D7E145FA1588CE7B00FE226A /* CCAnimationCache.m */; };
		D7E145FE1588CE7B00FE226A /* CCAtlasNode.m in Sources */ = {isa = PBXBuildFile; fileRef = D7E145FD1588CE7B00FE226A /* CCAtlasNode.m */; };
		D7E146011588CE7B00FE226A /* CCBlockSupport.m in Sources */ = {isa = PBXBuildFile; fileRef = D7E146001588CE7B00FE226A /* CCBlockSupport.m */; };
		D7E146041588CE7B00FE226A /* CCCamera.m in Sources */ = {isa = PBXBuildFile; fileRef = D7E146031588CE7B00FE226A /* CCCamera.m */; };
		D7E146081588CE7C00FE226A /* CCConfiguration.m in Sources */ = {isa = PBXBuildFile; fileRef = D7E146071588CE7C00FE226A /* CCConfiguration.m */; };
		D7E1460B1588CE7C00FE226A /* CCDirector.m in Sources */ = {isa = PBXBuildFile; fileRef = D7E1460A1588CE7C00FE226A /* CCDirector.m */; };
		D7E1460E1588CE7C00FE226A /* CCDrawingPrimitives.m in Sources */ = {isa = PBXBuildFile; fileRef = D7E1460D1588CE7C00FE226A /* CCDrawingPrimitives.m */; };
		D7E146111588CE7C00FE226A /* CCGrabber.m in Sources */ = {isa = PBXBuildFile; fileRef = D7E146101588CE7C00FE226A /* CCGrabber.m */; };
		D7E146141588CE7C00FE226A /* CCGrid.m in Sources */ = {isa = PBXBuildFile; fileRef = D7E146131588CE7C00FE226A /* CCGrid.m */; };
		D7E146171588CE7C00FE226A /* CCLabelAtlas.m in Sources */ = {isa = PBXBuildFile; fileRef = D7E146161588CE7C00FE226A /* CCLabelAtlas.m */; };
		D7E1461A1588CE7C00FE226A /* CCLabelBMFont.m in Sources */ = {isa = PBXBuildFile; fileRef = D7E146191588CE7C00FE226A /* CCLabelBMFont.m */; };
		D7E1461D1588CE7C00FE226A /* CCLabelTTF.m in Sources */ = {isa = PBXBuildFile; fileRef = D7E1461C1588CE7C00FE226A /* CCLabelTTF.m */; };
		D7E146201588CE7C00FE226A /* CCLayer.m in Sources */ = {isa = PBXBuildFile; fileRef = D7E1461F1588CE7C00FE226A /* CCLayer.m */; };
		D7E146241588CE7C00FE226A /* CCMenu.m in Sources */ = {isa = PBXBuildFile; fileRef = D7E146231588CE7C00FE226A /* CCMenu.m */; };
		D7E146271588CE7C00FE226A /* CCMenuItem.m in Sources */ = {isa = PBXBuildFile; fileRef = D7E146261588CE7C00FE226A /* CCMenuItem.m */; };
		D7E1462A1588CE7C00FE226A /* CCMotionStreak.m in Sources */ = {isa = PBXBuildFile; fileRef = D7E146291588CE7C00FE226A /* CCMotionStreak.m */; };
		D7E1462D1588CE7C00FE226A /* CCNode.m in Sources */ = {isa = PBXBuildFile; fileRef = D7E1462C1588CE7C00FE226A /* CCNode.m */; };
		D7E146301588CE7C00FE226A /* CCParallaxNode.m in Sources */ = {isa = PBXBuildFile; fileRef = D7E1462F1588CE7C00FE226A /* CCParallaxNode.m */; };
		D7E146331588CE7C00FE226A /* CCParticleExamples.m in Sources */ = {isa = PBXBuildFile; fileRef = D7E146321588CE7C00FE226A /* CCParticleExamples.m */; };
		D7E146361588CE7C00FE226A /* CCParticleSystem.m in Sources */ = {isa = PBXBuildFile; fileRef = D7E146351588CE7C00FE226A /* CCParticleSystem.m */; };
		D7E146391588CE7C00FE226A /* CCParticleSystemPoint.m in Sources */ = {isa = PBXBuildFile; fileRef = D7E146381588CE7C00FE226A /* CCParticleSystemPoint.m */; };
		D7E1463C1588CE7C00FE226A /* CCParticleSystemQuad.m in Sources */ = {isa = PBXBuildFile; fileRef = D7E1463B1588CE7C00FE226A /* CCParticleSystemQuad.m */; };
		D7E1463F1588CE7C00FE226A /* CCProgressTimer.m in Sources */ = {isa = PBXBuildFile; fileRef = D7E1463E1588CE7C00FE226A /* CCProgressTimer.m */; };
		D7E146431588CE7C00FE226A /* CCRenderTexture.m in Sources */ = {isa = PBXBuildFile; fileRef = D7E146421588CE7C00FE226A /* CCRenderTexture.m */; };
		D7E146461588CE7C00FE226A /* CCRibbon.m in Sources */ = {isa = PBXBuildFile; fileRef = D7E146451588CE7C00FE226A /* CCRibbon.m */; };
		D7E146491588CE7C00FE226A /* CCScene.m in Sources */ = {isa = PBXBuildFile; fileRef = D7E146481588CE7C00FE226A /* CCScene.m */; };
		D7E1464C1588CE7C00FE226A /* CCScheduler.m in Sources */ = {isa = PBXBuildFile; fileRef = D7E1464B1588CE7C00FE226A /* CCScheduler.m */; };
		D7E1464F1588CE7C00FE226A /* CCSprite.m in Sources */ = {isa = PBXBuildFile; fileRef = D7E1464E1588CE7C00FE226A /* CCSprite.m */; };
		D7E146521588CE7C00FE226A /* CCSpriteBatchNode.m in Sources */ = {isa = PBXBuildFile; fileRef = D7E146511588CE7C00FE226A /* CCSpriteBatchNode.m */; };
		D7E146551588CE7C00FE226A /* CCSpriteFrame.m in Sources */ = {isa = PBXBuildFile; fileRef = D7E146541588CE7C00FE226A /* CCSpriteFrame.m */; };
		D7E146581588CE7C00FE226A /* CCSpriteFrameCache.m in Sources */ = {isa = PBXBuildFile; fileRef = D7E146571588CE7C00FE226A /* CCSpriteFrameCache.m */; };
		D7E1465B1588CE7C00FE226A /* CCTexture2D.m in Sources */ = {isa = PBXBuildFile; fileRef = D7E1465A1588CE7C00FE226A /* CCTexture2D.m */; };
		D7E1465E1588CE7D00FE226A /* CCTextureAtlas.m in Sources */ = {isa = PBXBuildFile; fileRef = D7E1465D1588CE7D00FE226A /* CCTextureAtlas.m */; };
		D7E146611588CE7D00FE226A /* CCTextureCache.m in Sources */ = {isa = PBXBuildFile; fileRef = D7E146601588CE7D00FE226A /* CCTextureCache.m */; };
		D7E146641588CE7D00FE226A /* CCTexturePVR.m in Sources */ = {isa = PBXBuildFile; fileRef = D7E146631588CE7D00FE226A /* CCTexturePVR.m */; };
		D7E146671588CE7D00FE226A /* CCTileMapAtlas.m in Sources */ = {isa = PBXBuildFile; fileRef = D7E146661588CE7D00FE226A /* CCTileMapAtlas.m */; };
		D7E1466A1588CE7D00FE226A /* CCTMXLayer.m in Sources */ = {isa = PBXBuildFile; fileRef = D7E146691588CE7D00FE226A /* CCTMXLayer.m */; };
		D7E1466D1588CE7D00FE226A /* CCTMXObjectGroup.m in Sources */ = {isa = PBXBuildFile; fileRef = D7E1466C1588CE7D00FE226A /* CCTMXObjectGroup.m */; };
		D7E146701588CE7D00FE226A /* CCTMXTiledMap.m in Sources */ = {isa = PBXBuildFile; fileRef = D7E1466F1588CE7D00FE226A /* CCTMXTiledMap.m */; };
		D7E146731588CE7D00FE226A /* CCTMXXMLParser.m in Sources */ = {isa = PBXBuildFile; fileRef = D7E146721588CE7D00FE226A /* CCTMXXMLParser.m */; };
		D7E146761588CE7D00FE226A /* CCTransition.m in Sources */ = {isa = PBXBuildFile; fileRef = D7E146751588CE7D00FE226A /* CCTransition.m */; };
		D7E146791588CE7D00FE226A /* CCTransitionPageTurn.m in Sources */ = {isa = PBXBuildFile; fileRef = D7E146781588CE7D00FE226A /* CCTransitionPageTurn.m */; };
		D7E1467C1588CE7D00FE226A /* CCTransitionRadial.m in Sources */ = {isa = PBXBuildFile; fileRef = D7E1467B1588CE7D00FE226A /* CCTransitionRadial.m */; };
		D7E146801588CE7D00FE226A /* cocos2d.m in Sources */ = {isa = PBXBuildFile; fileRef = D7E1467F1588CE7D00FE226A /* cocos2d.m */; };
		D7E146871588CE7D00FE226A /* CCDirectorIOS.m in Sources */ = {isa = PBXBuildFile; fileRef = D7E146861588CE7D00FE226A /* CCDirectorIOS.m */; };
		D7E1468B1588CE7D00FE226A /* CCTouchDispatcher.m in Sources */ = {isa = PBXBuildFile; fileRef = D7E1468A1588CE7D00FE226A /* CCTouchDispatcher.m */; };
		D7E1468E1588CE7D00FE226A /* CCTouchHandler.m in Sources */ = {isa = PBXBuildFile; fileRef = D7E1468D1588CE7D00FE226A /* CCTouchHandler.m */; };
		D7E146911588CE7D00FE226A /* EAGLView.m in Sources */ = {isa = PBXBuildFile; fileRef = D7E146901588CE7D00FE226A /* EAGLView.m */; };
		D7E146941588CE7D00FE226A /* ES1Renderer.m in Sources */ = {isa = PBXBuildFile; fileRef = D7E146931588CE7D00FE226A /* ES1Renderer.m */; };
		D7E146971588CE7D00FE226A /* glu.c in Sources */ = {isa = PBXBuildFile; fileRef = D7E146961588CE7D00FE226A /* glu.c */; };
		D7E1469C1588CE7D00FE226A /* CCDirectorMac.m in Sources */ = {isa = PBXBuildFile; fileRef = D7E1469B1588CE7D00FE226A /* CCDirectorMac.m */; };
		D7E1469F1588CE7D00FE226A /* CCEventDispatcher.m in Sources */ = {isa = PBXBuildFile; fileRef = D7E1469E1588CE7D00FE226A /* CCEventDispatcher.m */; };
		D7E146A21588CE7D00FE226A /* MacGLView.m in Sources */ = {isa = PBXBuildFile; fileRef = D7E146A11588CE7D00FE226A /* MacGLView.m */; };
		D7E146A51588CE7D00FE226A /* MacWindow.m in Sources */ = {isa = PBXBuildFile; fileRef = D7E146A41588CE7D00FE226A /* MacWindow.m */; };
		D7E146A81588CE7D00FE226A /* base64.c in Sources */ = {isa = PBXBuildFile; fileRef = D7E146A71588CE7D00FE226A /* base64.c */; };
		D7E146AC1588CE7D00FE226A /* CCArray.m in Sources */ = {isa = PBXBuildFile; fileRef = D7E146AB1588CE7D00FE226A /* CCArray.m */; };
		D7E146B01588CE7D00FE226A /* CCFileUtils.m in Sources */ = {isa = PBXBuildFile; fileRef = D7E146AF1588CE7D00FE226A /* CCFileUtils.m */; };
		D7E146B31588CE7D00FE226A /* CCProfiling.m in Sources */ = {isa = PBXBuildFile; fileRef = D7E146B21588CE7D00FE226A /* CCProfiling.m */; };
		D7E146B51588CE7D00FE226A /* ccUtils.c in Sources */ = {isa = PBXBuildFile; fileRef = D7E146B41588CE7D00FE226A /* ccUtils.c */; };
		D7E146B91588CE7D00FE226A /* CGPointExtension.m in Sources */ = {isa = PBXBuildFile; fileRef = D7E146B81588CE7D00FE226A /* CGPointExtension.m */; };
		D7E146BD1588CE7D00FE226A /* TGAlib.m in Sources */ = {isa = PBXBuildFile; fileRef = D7E146BC1588CE7D00FE226A /* TGAlib.m */; };
		D7E146C01588CE7D00FE226A /* TransformUtils.m in Sources */ = {isa = PBXBuildFile; fileRef = D7E146BF1588CE7D00FE226A /* TransformUtils.m */; };
		D7E146C51588CE7E00FE226A /* ZipUtils.m in Sources */ = {isa = PBXBuildFile; fileRef = D7E146C41588CE7E00FE226A /* ZipUtils.m */; };
		D7E146CA1588CE7E00FE226A /* CDAudioManager.m in Sources */ = {isa = PBXBuildFile; fileRef = D7E146C91588CE7E00FE226A /* CDAudioManager.m */; };
		D7E146CE1588CE7E00FE226A /* CDOpenALSupport.m in Sources */ = {isa = PBXBuildFile; fileRef = D7E146CD1588CE7E00FE226A /* CDOpenALSupport.m */; };
		D7E146D11588CE7E00FE226A /* CocosDenshion.m in Sources */ = {isa = PBXBuildFile; fileRef = D7E146D01588CE7E00FE226A /* CocosDenshion.m */; };
		D7E146D41588CE7E00FE226A /* SimpleAudioEngine.m in Sources */ = {isa = PBXBuildFile; fileRef = D7E146D31588CE7E00FE226A /* SimpleAudioEngine.m */; };
		D7E146D91588CE7E00FE226A /* CLScoreServerPost.m in Sources */ = {isa = PBXBuildFile; fileRef = D7E146D81588CE7E00FE226A /* CLScoreServerPost.m */; };
		D7E146DC1588CE7E00FE226A /* CLScoreServerRequest.m in Sources */ = {isa = PBXBuildFile; fileRef = D7E146DB1588CE7E00FE226A /* CLScoreServerRequest.m */; };
		D7E146DF1588CE7E00FE226A /* cocoslive.m in Sources */ = {isa = PBXBuildFile; fileRef = D7E146DE1588CE7E00FE226A /* cocoslive.m */; };
		D7E146E41588CE7E00FE226A /* CDataScanner.m in Sources */ = {isa = PBXBuildFile; fileRef = D7E146E31588CE7E00FE226A /* CDataScanner.m */; };
		D7E146E81588CE7E00FE226A /* CDataScanner_Extensions.m in Sources */ = {isa = PBXBuildFile; fileRef = D7E146E71588CE7E00FE226A /* CDataScanner_Extensions.m */; };
		D7E146EB1588CE7E00FE226A /* NSDictionary_JSONExtensions.m in Sources */ = {isa = PBXBuildFile; fileRef = D7E146EA1588CE7E00FE226A /* NSDictionary_JSONExtensions.m */; };
		D7E146EF1588CE7E00FE226A /* CJSONDeserializer.m in Sources */ = {isa = PBXBuildFile; fileRef = D7E146EE1588CE7E00FE226A /* CJSONDeserializer.m */; };
		D7E146F21588CE7E00FE226A /* CJSONScanner.m in Sources */ = {isa = PBXBuildFile; fileRef = D7E146F11588CE7E00FE226A /* CJSONScanner.m */; };
		D7E146F51588CE7E00FE226A /* CJSONSerializer.m in Sources */ = {isa = PBXBuildFile; fileRef = D7E146F41588CE7E00FE226A /* CJSONSerializer.m */; };
		D7E146FA1588CE7E00FE226A /* FontLabel.m in Sources */ = {isa = PBXBuildFile; fileRef = D7E146F91588CE7E00FE226A /* FontLabel.m */; };
		D7E146FD1588CE7E00FE226A /* FontLabelStringDrawing.m in Sources */ = {isa = PBXBuildFile; fileRef = D7E146FC1588CE7E00FE226A /* FontLabelStringDrawing.m */; };
		D7E147001588CE7E00FE226A /* FontManager.m in Sources */ = {isa = PBXBuildFile; fileRef = D7E146FF1588CE7E00FE226A /* FontManager.m */; };
		D7E147031588CE7E00FE226A /* ZAttributedString.m in Sources */ = {isa = PBXBuildFile; fileRef = D7E147021588CE7E00FE226A /* ZAttributedString.m */; };
		D7E147071588CE7E00FE226A /* ZFont.m in Sources */ = {isa = PBXBuildFile; fileRef = D7E147061588CE7E00FE226A /* ZFont.m */; };
		D7E1470C1588CE7E00FE226A /* main.m in Sources */ = {isa = PBXBuildFile; fileRef = D7E1470B1588CE7E00FE226A /* main.m */; };
		D7E1470F1588CE7E00FE226A /* AppDelegate.m in Sources */ = {isa = PBXBuildFile; fileRef = D7E1470E1588CE7E00FE226A /* AppDelegate.m */; };
		D7E147121588CE7E00FE226A /* RootViewController.m in Sources */ = {isa = PBXBuildFile; fileRef = D7E147111588CE7E00FE226A /* RootViewController.m */; };
		D7E147151588CE7E00FE226A /* HelloWorldLayer.m in Sources */ = {isa = PBXBuildFile; fileRef = D7E147141588CE7E00FE226A /* HelloWorldLayer.m */; };
/* End PBXBuildFile section */

/* Begin PBXFileReference section */
		D7E145A71588CE7B00FE226A /* shooter.app */ = {isa = PBXFileReference; explicitFileType = wrapper.application; includeInIndex = 0; path = shooter.app; sourceTree = BUILT_PRODUCTS_DIR; };
		D7E145AB1588CE7B00FE226A /* QuartzCore.framework */ = {isa = PBXFileReference; lastKnownFileType = wrapper.framework; name = QuartzCore.framework; path = System/Library/Frameworks/QuartzCore.framework; sourceTree = SDKROOT; };
		D7E145AD1588CE7B00FE226A /* OpenGLES.framework */ = {isa = PBXFileReference; lastKnownFileType = wrapper.framework; name = OpenGLES.framework; path = System/Library/Frameworks/OpenGLES.framework; sourceTree = SDKROOT; };
		D7E145AF1588CE7B00FE226A /* OpenAL.framework */ = {isa = PBXFileReference; lastKnownFileType = wrapper.framework; name = OpenAL.framework; path = System/Library/Frameworks/OpenAL.framework; sourceTree = SDKROOT; };
		D7E145B11588CE7B00FE226A /* AudioToolbox.framework */ = {isa = PBXFileReference; lastKnownFileType = wrapper.framework; name = AudioToolbox.framework; path = System/Library/Frameworks/AudioToolbox.framework; sourceTree = SDKROOT; };
		D7E145B31588CE7B00FE226A /* AVFoundation.framework */ = {isa = PBXFileReference; lastKnownFileType = wrapper.framework; name = AVFoundation.framework; path = System/Library/Frameworks/AVFoundation.framework; sourceTree = SDKROOT; };
		D7E145B51588CE7B00FE226A /* UIKit.framework */ = {isa = PBXFileReference; lastKnownFileType = wrapper.framework; name = UIKit.framework; path = System/Library/Frameworks/UIKit.framework; sourceTree = SDKROOT; };
		D7E145B71588CE7B00FE226A /* Foundation.framework */ = {isa = PBXFileReference; lastKnownFileType = wrapper.framework; name = Foundation.framework; path = System/Library/Frameworks/Foundation.framework; sourceTree = SDKROOT; };
		D7E145B91588CE7B00FE226A /* CoreGraphics.framework */ = {isa = PBXFileReference; lastKnownFileType = wrapper.framework; name = CoreGraphics.framework; path = System/Library/Frameworks/CoreGraphics.framework; sourceTree = SDKROOT; };
		D7E145BD1588CE7B00FE226A /* Default.png */ = {isa = PBXFileReference; lastKnownFileType = image.png; name = Default.png; path = Resources/Default.png; sourceTree = "<group>"; };
		D7E145BF1588CE7B00FE226A /* fps_images.png */ = {isa = PBXFileReference; lastKnownFileType = image.png; name = fps_images.png; path = Resources/fps_images.png; sourceTree = "<group>"; };
		D7E145C11588CE7B00FE226A /* Icon-72.png */ = {isa = PBXFileReference; lastKnownFileType = image.png; name = "Icon-72.png"; path = "Resources/Icon-72.png"; sourceTree = "<group>"; };
		D7E145C31588CE7B00FE226A /* Icon-Small-50.png */ = {isa = PBXFileReference; lastKnownFileType = image.png; name = "Icon-Small-50.png"; path = "Resources/Icon-Small-50.png"; sourceTree = "<group>"; };
		D7E145C51588CE7B00FE226A /* Icon-Small.png */ = {isa = PBXFileReference; lastKnownFileType = image.png; name = "Icon-Small.png"; path = "Resources/Icon-Small.png"; sourceTree = "<group>"; };
		D7E145C71588CE7B00FE226A /* Icon-Small@2x.png */ = {isa = PBXFileReference; lastKnownFileType = image.png; name = "Icon-Small@2x.png"; path = "Resources/Icon-Small@2x.png"; sourceTree = "<group>"; };
		D7E145C91588CE7B00FE226A /* Icon.png */ = {isa = PBXFileReference; lastKnownFileType = image.png; name = Icon.png; path = Resources/Icon.png; sourceTree = "<group>"; };
		D7E145CB1588CE7B00FE226A /* Icon@2x.png */ = {isa = PBXFileReference; lastKnownFileType = image.png; name = "Icon@2x.png"; path = "Resources/Icon@2x.png"; sourceTree = "<group>"; };
		D7E145CD1588CE7B00FE226A /* Info.plist */ = {isa = PBXFileReference; name = Info.plist; path = Resources/Info.plist; sourceTree = "<group>"; };
		D7E145CE1588CE7B00FE226A /* iTunesArtwork */ = {isa = PBXFileReference; lastKnownFileType = file; name = iTunesArtwork; path = Resources/iTunesArtwork; sourceTree = "<group>"; };
		D7E145D21588CE7B00FE226A /* CCAction.h */ = {isa = PBXFileReference; name = CCAction.h; path = libs/cocos2d/CCAction.h; sourceTree = "<group>"; };
		D7E145D31588CE7B00FE226A /* CCAction.m */ = {isa = PBXFileReference; lastKnownFileType = sourcecode.c.objc; name = CCAction.m; path = libs/cocos2d/CCAction.m; sourceTree = "<group>"; };
		D7E145D51588CE7B00FE226A /* CCActionCamera.h */ = {isa = PBXFileReference; name = CCActionCamera.h; path = libs/cocos2d/CCActionCamera.h; sourceTree = "<group>"; };
		D7E145D61588CE7B00FE226A /* CCActionCamera.m */ = {isa = PBXFileReference; lastKnownFileType = sourcecode.c.objc; name = CCActionCamera.m; path = libs/cocos2d/CCActionCamera.m; sourceTree = "<group>"; };
		D7E145D81588CE7B00FE226A /* CCActionEase.h */ = {isa = PBXFileReference; name = CCActionEase.h; path = libs/cocos2d/CCActionEase.h; sourceTree = "<group>"; };
		D7E145D91588CE7B00FE226A /* CCActionEase.m */ = {isa = PBXFileReference; lastKnownFileType = sourcecode.c.objc; name = CCActionEase.m; path = libs/cocos2d/CCActionEase.m; sourceTree = "<group>"; };
		D7E145DB1588CE7B00FE226A /* CCActionGrid.h */ = {isa = PBXFileReference; name = CCActionGrid.h; path = libs/cocos2d/CCActionGrid.h; sourceTree = "<group>"; };
		D7E145DC1588CE7B00FE226A /* CCActionGrid.m */ = {isa = PBXFileReference; lastKnownFileType = sourcecode.c.objc; name = CCActionGrid.m; path = libs/cocos2d/CCActionGrid.m; sourceTree = "<group>"; };
		D7E145DE1588CE7B00FE226A /* CCActionGrid3D.h */ = {isa = PBXFileReference; name = CCActionGrid3D.h; path = libs/cocos2d/CCActionGrid3D.h; sourceTree = "<group>"; };
		D7E145DF1588CE7B00FE226A /* CCActionGrid3D.m */ = {isa = PBXFileReference; lastKnownFileType = sourcecode.c.objc; name = CCActionGrid3D.m; path = libs/cocos2d/CCActionGrid3D.m; sourceTree = "<group>"; };
		D7E145E11588CE7B00FE226A /* CCActionInstant.h */ = {isa = PBXFileReference; name = CCActionInstant.h; path = libs/cocos2d/CCActionInstant.h; sourceTree = "<group>"; };
		D7E145E21588CE7B00FE226A /* CCActionInstant.m */ = {isa = PBXFileReference; lastKnownFileType = sourcecode.c.objc; name = CCActionInstant.m; path = libs/cocos2d/CCActionInstant.m; sourceTree = "<group>"; };
		D7E145E41588CE7B00FE226A /* CCActionInterval.h */ = {isa = PBXFileReference; name = CCActionInterval.h; path = libs/cocos2d/CCActionInterval.h; sourceTree = "<group>"; };
		D7E145E51588CE7B00FE226A /* CCActionInterval.m */ = {isa = PBXFileReference; lastKnownFileType = sourcecode.c.objc; name = CCActionInterval.m; path = libs/cocos2d/CCActionInterval.m; sourceTree = "<group>"; };
		D7E145E71588CE7B00FE226A /* CCActionManager.h */ = {isa = PBXFileReference; name = CCActionManager.h; path = libs/cocos2d/CCActionManager.h; sourceTree = "<group>"; };
		D7E145E81588CE7B00FE226A /* CCActionManager.m */ = {isa = PBXFileReference; lastKnownFileType = sourcecode.c.objc; name = CCActionManager.m; path = libs/cocos2d/CCActionManager.m; sourceTree = "<group>"; };
		D7E145EA1588CE7B00FE226A /* CCActionPageTurn3D.h */ = {isa = PBXFileReference; name = CCActionPageTurn3D.h; path = libs/cocos2d/CCActionPageTurn3D.h; sourceTree = "<group>"; };
		D7E145EB1588CE7B00FE226A /* CCActionPageTurn3D.m */ = {isa = PBXFileReference; lastKnownFileType = sourcecode.c.objc; name = CCActionPageTurn3D.m; path = libs/cocos2d/CCActionPageTurn3D.m; sourceTree = "<group>"; };
		D7E145ED1588CE7B00FE226A /* CCActionProgressTimer.h */ = {isa = PBXFileReference; name = CCActionProgressTimer.h; path = libs/cocos2d/CCActionProgressTimer.h; sourceTree = "<group>"; };
		D7E145EE1588CE7B00FE226A /* CCActionProgressTimer.m */ = {isa = PBXFileReference; lastKnownFileType = sourcecode.c.objc; name = CCActionProgressTimer.m; path = libs/cocos2d/CCActionProgressTimer.m; sourceTree = "<group>"; };
		D7E145F01588CE7B00FE226A /* CCActionTiledGrid.h */ = {isa = PBXFileReference; name = CCActionTiledGrid.h; path = libs/cocos2d/CCActionTiledGrid.h; sourceTree = "<group>"; };
		D7E145F11588CE7B00FE226A /* CCActionTiledGrid.m */ = {isa = PBXFileReference; lastKnownFileType = sourcecode.c.objc; name = CCActionTiledGrid.m; path = libs/cocos2d/CCActionTiledGrid.m; sourceTree = "<group>"; };
		D7E145F31588CE7B00FE226A /* CCActionTween.h */ = {isa = PBXFileReference; name = CCActionTween.h; path = libs/cocos2d/CCActionTween.h; sourceTree = "<group>"; };
		D7E145F41588CE7B00FE226A /* CCActionTween.m */ = {isa = PBXFileReference; lastKnownFileType = sourcecode.c.objc; name = CCActionTween.m; path = libs/cocos2d/CCActionTween.m; sourceTree = "<group>"; };
		D7E145F61588CE7B00FE226A /* CCAnimation.h */ = {isa = PBXFileReference; name = CCAnimation.h; path = libs/cocos2d/CCAnimation.h; sourceTree = "<group>"; };
		D7E145F71588CE7B00FE226A /* CCAnimation.m */ = {isa = PBXFileReference; lastKnownFileType = sourcecode.c.objc; name = CCAnimation.m; path = libs/cocos2d/CCAnimation.m; sourceTree = "<group>"; };
		D7E145F91588CE7B00FE226A /* CCAnimationCache.h */ = {isa = PBXFileReference; name = CCAnimationCache.h; path = libs/cocos2d/CCAnimationCache.h; sourceTree = "<group>"; };
		D7E145FA1588CE7B00FE226A /* CCAnimationCache.m */ = {isa = PBXFileReference; lastKnownFileType = sourcecode.c.objc; name = CCAnimationCache.m; path = libs/cocos2d/CCAnimationCache.m; sourceTree = "<group>"; };
		D7E145FC1588CE7B00FE226A /* CCAtlasNode.h */ = {isa = PBXFileReference; name = CCAtlasNode.h; path = libs/cocos2d/CCAtlasNode.h; sourceTree = "<group>"; };
		D7E145FD1588CE7B00FE226A /* CCAtlasNode.m */ = {isa = PBXFileReference; lastKnownFileType = sourcecode.c.objc; name = CCAtlasNode.m; path = libs/cocos2d/CCAtlasNode.m; sourceTree = "<group>"; };
		D7E145FF1588CE7B00FE226A /* CCBlockSupport.h */ = {isa = PBXFileReference; name = CCBlockSupport.h; path = libs/cocos2d/CCBlockSupport.h; sourceTree = "<group>"; };
		D7E146001588CE7B00FE226A /* CCBlockSupport.m */ = {isa = PBXFileReference; lastKnownFileType = sourcecode.c.objc; name = CCBlockSupport.m; path = libs/cocos2d/CCBlockSupport.m; sourceTree = "<group>"; };
		D7E146021588CE7B00FE226A /* CCCamera.h */ = {isa = PBXFileReference; name = CCCamera.h; path = libs/cocos2d/CCCamera.h; sourceTree = "<group>"; };
		D7E146031588CE7B00FE226A /* CCCamera.m */ = {isa = PBXFileReference; lastKnownFileType = sourcecode.c.objc; name = CCCamera.m; path = libs/cocos2d/CCCamera.m; sourceTree = "<group>"; };
		D7E146051588CE7B00FE226A /* ccConfig.h */ = {isa = PBXFileReference; name = ccConfig.h; path = libs/cocos2d/ccConfig.h; sourceTree = "<group>"; };
		D7E146061588CE7B00FE226A /* CCConfiguration.h */ = {isa = PBXFileReference; name = CCConfiguration.h; path = libs/cocos2d/CCConfiguration.h; sourceTree = "<group>"; };
		D7E146071588CE7C00FE226A /* CCConfiguration.m */ = {isa = PBXFileReference; lastKnownFileType = sourcecode.c.objc; name = CCConfiguration.m; path = libs/cocos2d/CCConfiguration.m; sourceTree = "<group>"; };
		D7E146091588CE7C00FE226A /* CCDirector.h */ = {isa = PBXFileReference; name = CCDirector.h; path = libs/cocos2d/CCDirector.h; sourceTree = "<group>"; };
		D7E1460A1588CE7C00FE226A /* CCDirector.m */ = {isa = PBXFileReference; lastKnownFileType = sourcecode.c.objc; name = CCDirector.m; path = libs/cocos2d/CCDirector.m; sourceTree = "<group>"; };
		D7E1460C1588CE7C00FE226A /* CCDrawingPrimitives.h */ = {isa = PBXFileReference; name = CCDrawingPrimitives.h; path = libs/cocos2d/CCDrawingPrimitives.h; sourceTree = "<group>"; };
		D7E1460D1588CE7C00FE226A /* CCDrawingPrimitives.m */ = {isa = PBXFileReference; lastKnownFileType = sourcecode.c.objc; name = CCDrawingPrimitives.m; path = libs/cocos2d/CCDrawingPrimitives.m; sourceTree = "<group>"; };
		D7E1460F1588CE7C00FE226A /* CCGrabber.h */ = {isa = PBXFileReference; name = CCGrabber.h; path = libs/cocos2d/CCGrabber.h; sourceTree = "<group>"; };
		D7E146101588CE7C00FE226A /* CCGrabber.m */ = {isa = PBXFileReference; lastKnownFileType = sourcecode.c.objc; name = CCGrabber.m; path = libs/cocos2d/CCGrabber.m; sourceTree = "<group>"; };
		D7E146121588CE7C00FE226A /* CCGrid.h */ = {isa = PBXFileReference; name = CCGrid.h; path = libs/cocos2d/CCGrid.h; sourceTree = "<group>"; };
		D7E146131588CE7C00FE226A /* CCGrid.m */ = {isa = PBXFileReference; lastKnownFileType = sourcecode.c.objc; name = CCGrid.m; path = libs/cocos2d/CCGrid.m; sourceTree = "<group>"; };
		D7E146151588CE7C00FE226A /* CCLabelAtlas.h */ = {isa = PBXFileReference; name = CCLabelAtlas.h; path = libs/cocos2d/CCLabelAtlas.h; sourceTree = "<group>"; };
		D7E146161588CE7C00FE226A /* CCLabelAtlas.m */ = {isa = PBXFileReference; lastKnownFileType = sourcecode.c.objc; name = CCLabelAtlas.m; path = libs/cocos2d/CCLabelAtlas.m; sourceTree = "<group>"; };
		D7E146181588CE7C00FE226A /* CCLabelBMFont.h */ = {isa = PBXFileReference; name = CCLabelBMFont.h; path = libs/cocos2d/CCLabelBMFont.h; sourceTree = "<group>"; };
		D7E146191588CE7C00FE226A /* CCLabelBMFont.m */ = {isa = PBXFileReference; lastKnownFileType = sourcecode.c.objc; name = CCLabelBMFont.m; path = libs/cocos2d/CCLabelBMFont.m; sourceTree = "<group>"; };
		D7E1461B1588CE7C00FE226A /* CCLabelTTF.h */ = {isa = PBXFileReference; name = CCLabelTTF.h; path = libs/cocos2d/CCLabelTTF.h; sourceTree = "<group>"; };
		D7E1461C1588CE7C00FE226A /* CCLabelTTF.m */ = {isa = PBXFileReference; lastKnownFileType = sourcecode.c.objc; name = CCLabelTTF.m; path = libs/cocos2d/CCLabelTTF.m; sourceTree = "<group>"; };
		D7E1461E1588CE7C00FE226A /* CCLayer.h */ = {isa = PBXFileReference; name = CCLayer.h; path = libs/cocos2d/CCLayer.h; sourceTree = "<group>"; };
		D7E1461F1588CE7C00FE226A /* CCLayer.m */ = {isa = PBXFileReference; lastKnownFileType = sourcecode.c.objc; name = CCLayer.m; path = libs/cocos2d/CCLayer.m; sourceTree = "<group>"; };
		D7E146211588CE7C00FE226A /* ccMacros.h */ = {isa = PBXFileReference; name = ccMacros.h; path = libs/cocos2d/ccMacros.h; sourceTree = "<group>"; };
		D7E146221588CE7C00FE226A /* CCMenu.h */ = {isa = PBXFileReference; name = CCMenu.h; path = libs/cocos2d/CCMenu.h; sourceTree = "<group>"; };
		D7E146231588CE7C00FE226A /* CCMenu.m */ = {isa = PBXFileReference; lastKnownFileType = sourcecode.c.objc; name = CCMenu.m; path = libs/cocos2d/CCMenu.m; sourceTree = "<group>"; };
		D7E146251588CE7C00FE226A /* CCMenuItem.h */ = {isa = PBXFileReference; name = CCMenuItem.h; path = libs/cocos2d/CCMenuItem.h; sourceTree = "<group>"; };
		D7E146261588CE7C00FE226A /* CCMenuItem.m */ = {isa = PBXFileReference; lastKnownFileType = sourcecode.c.objc; name = CCMenuItem.m; path = libs/cocos2d/CCMenuItem.m; sourceTree = "<group>"; };
		D7E146281588CE7C00FE226A /* CCMotionStreak.h */ = {isa = PBXFileReference; name = CCMotionStreak.h; path = libs/cocos2d/CCMotionStreak.h; sourceTree = "<group>"; };
		D7E146291588CE7C00FE226A /* CCMotionStreak.m */ = {isa = PBXFileReference; lastKnownFileType = sourcecode.c.objc; name = CCMotionStreak.m; path = libs/cocos2d/CCMotionStreak.m; sourceTree = "<group>"; };
		D7E1462B1588CE7C00FE226A /* CCNode.h */ = {isa = PBXFileReference; name = CCNode.h; path = libs/cocos2d/CCNode.h; sourceTree = "<group>"; };
		D7E1462C1588CE7C00FE226A /* CCNode.m */ = {isa = PBXFileReference; lastKnownFileType = sourcecode.c.objc; name = CCNode.m; path = libs/cocos2d/CCNode.m; sourceTree = "<group>"; };
		D7E1462E1588CE7C00FE226A /* CCParallaxNode.h */ = {isa = PBXFileReference; name = CCParallaxNode.h; path = libs/cocos2d/CCParallaxNode.h; sourceTree = "<group>"; };
		D7E1462F1588CE7C00FE226A /* CCParallaxNode.m */ = {isa = PBXFileReference; lastKnownFileType = sourcecode.c.objc; name = CCParallaxNode.m; path = libs/cocos2d/CCParallaxNode.m; sourceTree = "<group>"; };
		D7E146311588CE7C00FE226A /* CCParticleExamples.h */ = {isa = PBXFileReference; name = CCParticleExamples.h; path = libs/cocos2d/CCParticleExamples.h; sourceTree = "<group>"; };
		D7E146321588CE7C00FE226A /* CCParticleExamples.m */ = {isa = PBXFileReference; lastKnownFileType = sourcecode.c.objc; name = CCParticleExamples.m; path = libs/cocos2d/CCParticleExamples.m; sourceTree = "<group>"; };
		D7E146341588CE7C00FE226A /* CCParticleSystem.h */ = {isa = PBXFileReference; name = CCParticleSystem.h; path = libs/cocos2d/CCParticleSystem.h; sourceTree = "<group>"; };
		D7E146351588CE7C00FE226A /* CCParticleSystem.m */ = {isa = PBXFileReference; lastKnownFileType = sourcecode.c.objc; name = CCParticleSystem.m; path = libs/cocos2d/CCParticleSystem.m; sourceTree = "<group>"; };
		D7E146371588CE7C00FE226A /* CCParticleSystemPoint.h */ = {isa = PBXFileReference; name = CCParticleSystemPoint.h; path = libs/cocos2d/CCParticleSystemPoint.h; sourceTree = "<group>"; };
		D7E146381588CE7C00FE226A /* CCParticleSystemPoint.m */ = {isa = PBXFileReference; lastKnownFileType = sourcecode.c.objc; name = CCParticleSystemPoint.m; path = libs/cocos2d/CCParticleSystemPoint.m; sourceTree = "<group>"; };
		D7E1463A1588CE7C00FE226A /* CCParticleSystemQuad.h */ = {isa = PBXFileReference; name = CCParticleSystemQuad.h; path = libs/cocos2d/CCParticleSystemQuad.h; sourceTree = "<group>"; };
		D7E1463B1588CE7C00FE226A /* CCParticleSystemQuad.m */ = {isa = PBXFileReference; lastKnownFileType = sourcecode.c.objc; name = CCParticleSystemQuad.m; path = libs/cocos2d/CCParticleSystemQuad.m; sourceTree = "<group>"; };
		D7E1463D1588CE7C00FE226A /* CCProgressTimer.h */ = {isa = PBXFileReference; name = CCProgressTimer.h; path = libs/cocos2d/CCProgressTimer.h; sourceTree = "<group>"; };
		D7E1463E1588CE7C00FE226A /* CCProgressTimer.m */ = {isa = PBXFileReference; lastKnownFileType = sourcecode.c.objc; name = CCProgressTimer.m; path = libs/cocos2d/CCProgressTimer.m; sourceTree = "<group>"; };
		D7E146401588CE7C00FE226A /* CCProtocols.h */ = {isa = PBXFileReference; name = CCProtocols.h; path = libs/cocos2d/CCProtocols.h; sourceTree = "<group>"; };
		D7E146411588CE7C00FE226A /* CCRenderTexture.h */ = {isa = PBXFileReference; name = CCRenderTexture.h; path = libs/cocos2d/CCRenderTexture.h; sourceTree = "<group>"; };
		D7E146421588CE7C00FE226A /* CCRenderTexture.m */ = {isa = PBXFileReference; lastKnownFileType = sourcecode.c.objc; name = CCRenderTexture.m; path = libs/cocos2d/CCRenderTexture.m; sourceTree = "<group>"; };
		D7E146441588CE7C00FE226A /* CCRibbon.h */ = {isa = PBXFileReference; name = CCRibbon.h; path = libs/cocos2d/CCRibbon.h; sourceTree = "<group>"; };
		D7E146451588CE7C00FE226A /* CCRibbon.m */ = {isa = PBXFileReference; lastKnownFileType = sourcecode.c.objc; name = CCRibbon.m; path = libs/cocos2d/CCRibbon.m; sourceTree = "<group>"; };
		D7E146471588CE7C00FE226A /* CCScene.h */ = {isa = PBXFileReference; name = CCScene.h; path = libs/cocos2d/CCScene.h; sourceTree = "<group>"; };
		D7E146481588CE7C00FE226A /* CCScene.m */ = {isa = PBXFileReference; lastKnownFileType = sourcecode.c.objc; name = CCScene.m; path = libs/cocos2d/CCScene.m; sourceTree = "<group>"; };
		D7E1464A1588CE7C00FE226A /* CCScheduler.h */ = {isa = PBXFileReference; name = CCScheduler.h; path = libs/cocos2d/CCScheduler.h; sourceTree = "<group>"; };
		D7E1464B1588CE7C00FE226A /* CCScheduler.m */ = {isa = PBXFileReference; lastKnownFileType = sourcecode.c.objc; name = CCScheduler.m; path = libs/cocos2d/CCScheduler.m; sourceTree = "<group>"; };
		D7E1464D1588CE7C00FE226A /* CCSprite.h */ = {isa = PBXFileReference; name = CCSprite.h; path = libs/cocos2d/CCSprite.h; sourceTree = "<group>"; };
		D7E1464E1588CE7C00FE226A /* CCSprite.m */ = {isa = PBXFileReference; lastKnownFileType = sourcecode.c.objc; name = CCSprite.m; path = libs/cocos2d/CCSprite.m; sourceTree = "<group>"; };
		D7E146501588CE7C00FE226A /* CCSpriteBatchNode.h */ = {isa = PBXFileReference; name = CCSpriteBatchNode.h; path = libs/cocos2d/CCSpriteBatchNode.h; sourceTree = "<group>"; };
		D7E146511588CE7C00FE226A /* CCSpriteBatchNode.m */ = {isa = PBXFileReference; lastKnownFileType = sourcecode.c.objc; name = CCSpriteBatchNode.m; path = libs/cocos2d/CCSpriteBatchNode.m; sourceTree = "<group>"; };
		D7E146531588CE7C00FE226A /* CCSpriteFrame.h */ = {isa = PBXFileReference; name = CCSpriteFrame.h; path = libs/cocos2d/CCSpriteFrame.h; sourceTree = "<group>"; };
		D7E146541588CE7C00FE226A /* CCSpriteFrame.m */ = {isa = PBXFileReference; lastKnownFileType = sourcecode.c.objc; name = CCSpriteFrame.m; path = libs/cocos2d/CCSpriteFrame.m; sourceTree = "<group>"; };
		D7E146561588CE7C00FE226A /* CCSpriteFrameCache.h */ = {isa = PBXFileReference; name = CCSpriteFrameCache.h; path = libs/cocos2d/CCSpriteFrameCache.h; sourceTree = "<group>"; };
		D7E146571588CE7C00FE226A /* CCSpriteFrameCache.m */ = {isa = PBXFileReference; lastKnownFileType = sourcecode.c.objc; name = CCSpriteFrameCache.m; path = libs/cocos2d/CCSpriteFrameCache.m; sourceTree = "<group>"; };
		D7E146591588CE7C00FE226A /* CCTexture2D.h */ = {isa = PBXFileReference; name = CCTexture2D.h; path = libs/cocos2d/CCTexture2D.h; sourceTree = "<group>"; };
		D7E1465A1588CE7C00FE226A /* CCTexture2D.m */ = {isa = PBXFileReference; lastKnownFileType = sourcecode.c.objc; name = CCTexture2D.m; path = libs/cocos2d/CCTexture2D.m; sourceTree = "<group>"; };
		D7E1465C1588CE7C00FE226A /* CCTextureAtlas.h */ = {isa = PBXFileReference; name = CCTextureAtlas.h; path = libs/cocos2d/CCTextureAtlas.h; sourceTree = "<group>"; };
		D7E1465D1588CE7D00FE226A /* CCTextureAtlas.m */ = {isa = PBXFileReference; lastKnownFileType = sourcecode.c.objc; name = CCTextureAtlas.m; path = libs/cocos2d/CCTextureAtlas.m; sourceTree = "<group>"; };
		D7E1465F1588CE7D00FE226A /* CCTextureCache.h */ = {isa = PBXFileReference; name = CCTextureCache.h; path = libs/cocos2d/CCTextureCache.h; sourceTree = "<group>"; };
		D7E146601588CE7D00FE226A /* CCTextureCache.m */ = {isa = PBXFileReference; lastKnownFileType = sourcecode.c.objc; name = CCTextureCache.m; path = libs/cocos2d/CCTextureCache.m; sourceTree = "<group>"; };
		D7E146621588CE7D00FE226A /* CCTexturePVR.h */ = {isa = PBXFileReference; name = CCTexturePVR.h; path = libs/cocos2d/CCTexturePVR.h; sourceTree = "<group>"; };
		D7E146631588CE7D00FE226A /* CCTexturePVR.m */ = {isa = PBXFileReference; lastKnownFileType = sourcecode.c.objc; name = CCTexturePVR.m; path = libs/cocos2d/CCTexturePVR.m; sourceTree = "<group>"; };
		D7E146651588CE7D00FE226A /* CCTileMapAtlas.h */ = {isa = PBXFileReference; name = CCTileMapAtlas.h; path = libs/cocos2d/CCTileMapAtlas.h; sourceTree = "<group>"; };
		D7E146661588CE7D00FE226A /* CCTileMapAtlas.m */ = {isa = PBXFileReference; lastKnownFileType = sourcecode.c.objc; name = CCTileMapAtlas.m; path = libs/cocos2d/CCTileMapAtlas.m; sourceTree = "<group>"; };
		D7E146681588CE7D00FE226A /* CCTMXLayer.h */ = {isa = PBXFileReference; name = CCTMXLayer.h; path = libs/cocos2d/CCTMXLayer.h; sourceTree = "<group>"; };
		D7E146691588CE7D00FE226A /* CCTMXLayer.m */ = {isa = PBXFileReference; lastKnownFileType = sourcecode.c.objc; name = CCTMXLayer.m; path = libs/cocos2d/CCTMXLayer.m; sourceTree = "<group>"; };
		D7E1466B1588CE7D00FE226A /* CCTMXObjectGroup.h */ = {isa = PBXFileReference; name = CCTMXObjectGroup.h; path = libs/cocos2d/CCTMXObjectGroup.h; sourceTree = "<group>"; };
		D7E1466C1588CE7D00FE226A /* CCTMXObjectGroup.m */ = {isa = PBXFileReference; lastKnownFileType = sourcecode.c.objc; name = CCTMXObjectGroup.m; path = libs/cocos2d/CCTMXObjectGroup.m; sourceTree = "<group>"; };
		D7E1466E1588CE7D00FE226A /* CCTMXTiledMap.h */ = {isa = PBXFileReference; name = CCTMXTiledMap.h; path = libs/cocos2d/CCTMXTiledMap.h; sourceTree = "<group>"; };
		D7E1466F1588CE7D00FE226A /* CCTMXTiledMap.m */ = {isa = PBXFileReference; lastKnownFileType = sourcecode.c.objc; name = CCTMXTiledMap.m; path = libs/cocos2d/CCTMXTiledMap.m; sourceTree = "<group>"; };
		D7E146711588CE7D00FE226A /* CCTMXXMLParser.h */ = {isa = PBXFileReference; name = CCTMXXMLParser.h; path = libs/cocos2d/CCTMXXMLParser.h; sourceTree = "<group>"; };
		D7E146721588CE7D00FE226A /* CCTMXXMLParser.m */ = {isa = PBXFileReference; lastKnownFileType = sourcecode.c.objc; name = CCTMXXMLParser.m; path = libs/cocos2d/CCTMXXMLParser.m; sourceTree = "<group>"; };
		D7E146741588CE7D00FE226A /* CCTransition.h */ = {isa = PBXFileReference; name = CCTransition.h; path = libs/cocos2d/CCTransition.h; sourceTree = "<group>"; };
		D7E146751588CE7D00FE226A /* CCTransition.m */ = {isa = PBXFileReference; lastKnownFileType = sourcecode.c.objc; name = CCTransition.m; path = libs/cocos2d/CCTransition.m; sourceTree = "<group>"; };
		D7E146771588CE7D00FE226A /* CCTransitionPageTurn.h */ = {isa = PBXFileReference; name = CCTransitionPageTurn.h; path = libs/cocos2d/CCTransitionPageTurn.h; sourceTree = "<group>"; };
		D7E146781588CE7D00FE226A /* CCTransitionPageTurn.m */ = {isa = PBXFileReference; lastKnownFileType = sourcecode.c.objc; name = CCTransitionPageTurn.m; path = libs/cocos2d/CCTransitionPageTurn.m; sourceTree = "<group>"; };
		D7E1467A1588CE7D00FE226A /* CCTransitionRadial.h */ = {isa = PBXFileReference; name = CCTransitionRadial.h; path = libs/cocos2d/CCTransitionRadial.h; sourceTree = "<group>"; };
		D7E1467B1588CE7D00FE226A /* CCTransitionRadial.m */ = {isa = PBXFileReference; lastKnownFileType = sourcecode.c.objc; name = CCTransitionRadial.m; path = libs/cocos2d/CCTransitionRadial.m; sourceTree = "<group>"; };
		D7E1467D1588CE7D00FE226A /* ccTypes.h */ = {isa = PBXFileReference; name = ccTypes.h; path = libs/cocos2d/ccTypes.h; sourceTree = "<group>"; };
		D7E1467E1588CE7D00FE226A /* cocos2d.h */ = {isa = PBXFileReference; name = cocos2d.h; path = libs/cocos2d/cocos2d.h; sourceTree = "<group>"; };
		D7E1467F1588CE7D00FE226A /* cocos2d.m */ = {isa = PBXFileReference; lastKnownFileType = sourcecode.c.objc; name = cocos2d.m; path = libs/cocos2d/cocos2d.m; sourceTree = "<group>"; };
		D7E146821588CE7D00FE226A /* CCGL.h */ = {isa = PBXFileReference; name = CCGL.h; path = libs/cocos2d/Platforms/CCGL.h; sourceTree = "<group>"; };
		D7E146831588CE7D00FE226A /* CCNS.h */ = {isa = PBXFileReference; name = CCNS.h; path = libs/cocos2d/Platforms/CCNS.h; sourceTree = "<group>"; };
		D7E146851588CE7D00FE226A /* CCDirectorIOS.h */ = {isa = PBXFileReference; name = CCDirectorIOS.h; path = libs/cocos2d/Platforms/iOS/CCDirectorIOS.h; sourceTree = "<group>"; };
		D7E146861588CE7D00FE226A /* CCDirectorIOS.m */ = {isa = PBXFileReference; lastKnownFileType = sourcecode.c.objc; name = CCDirectorIOS.m; path = libs/cocos2d/Platforms/iOS/CCDirectorIOS.m; sourceTree = "<group>"; };
		D7E146881588CE7D00FE226A /* CCTouchDelegateProtocol.h */ = {isa = PBXFileReference; name = CCTouchDelegateProtocol.h; path = libs/cocos2d/Platforms/iOS/CCTouchDelegateProtocol.h; sourceTree = "<group>"; };
		D7E146891588CE7D00FE226A /* CCTouchDispatcher.h */ = {isa = PBXFileReference; name = CCTouchDispatcher.h; path = libs/cocos2d/Platforms/iOS/CCTouchDispatcher.h; sourceTree = "<group>"; };
		D7E1468A1588CE7D00FE226A /* CCTouchDispatcher.m */ = {isa = PBXFileReference; lastKnownFileType = sourcecode.c.objc; name = CCTouchDispatcher.m; path = libs/cocos2d/Platforms/iOS/CCTouchDispatcher.m; sourceTree = "<group>"; };
		D7E1468C1588CE7D00FE226A /* CCTouchHandler.h */ = {isa = PBXFileReference; name = CCTouchHandler.h; path = libs/cocos2d/Platforms/iOS/CCTouchHandler.h; sourceTree = "<group>"; };
		D7E1468D1588CE7D00FE226A /* CCTouchHandler.m */ = {isa = PBXFileReference; lastKnownFileType = sourcecode.c.objc; name = CCTouchHandler.m; path = libs/cocos2d/Platforms/iOS/CCTouchHandler.m; sourceTree = "<group>"; };
		D7E1468F1588CE7D00FE226A /* EAGLView.h */ = {isa = PBXFileReference; name = EAGLView.h; path = libs/cocos2d/Platforms/iOS/EAGLView.h; sourceTree = "<group>"; };
		D7E146901588CE7D00FE226A /* EAGLView.m */ = {isa = PBXFileReference; lastKnownFileType = sourcecode.c.objc; name = EAGLView.m; path = libs/cocos2d/Platforms/iOS/EAGLView.m; sourceTree = "<group>"; };
		D7E146921588CE7D00FE226A /* ES1Renderer.h */ = {isa = PBXFileReference; name = ES1Renderer.h; path = libs/cocos2d/Platforms/iOS/ES1Renderer.h; sourceTree = "<group>"; };
		D7E146931588CE7D00FE226A /* ES1Renderer.m */ = {isa = PBXFileReference; lastKnownFileType = sourcecode.c.objc; name = ES1Renderer.m; path = libs/cocos2d/Platforms/iOS/ES1Renderer.m; sourceTree = "<group>"; };
		D7E146951588CE7D00FE226A /* ESRenderer.h */ = {isa = PBXFileReference; name = ESRenderer.h; path = libs/cocos2d/Platforms/iOS/ESRenderer.h; sourceTree = "<group>"; };
		D7E146961588CE7D00FE226A /* glu.c */ = {isa = PBXFileReference; lastKnownFileType = sourcecode.c.c; name = glu.c; path = libs/cocos2d/Platforms/iOS/glu.c; sourceTree = "<group>"; };
		D7E146981588CE7D00FE226A /* glu.h */ = {isa = PBXFileReference; name = glu.h; path = libs/cocos2d/Platforms/iOS/glu.h; sourceTree = "<group>"; };
		D7E1469A1588CE7D00FE226A /* CCDirectorMac.h */ = {isa = PBXFileReference; name = CCDirectorMac.h; path = libs/cocos2d/Platforms/Mac/CCDirectorMac.h; sourceTree = "<group>"; };
		D7E1469B1588CE7D00FE226A /* CCDirectorMac.m */ = {isa = PBXFileReference; lastKnownFileType = sourcecode.c.objc; name = CCDirectorMac.m; path = libs/cocos2d/Platforms/Mac/CCDirectorMac.m; sourceTree = "<group>"; };
		D7E1469D1588CE7D00FE226A /* CCEventDispatcher.h */ = {isa = PBXFileReference; name = CCEventDispatcher.h; path = libs/cocos2d/Platforms/Mac/CCEventDispatcher.h; sourceTree = "<group>"; };
		D7E1469E1588CE7D00FE226A /* CCEventDispatcher.m */ = {isa = PBXFileReference; lastKnownFileType = sourcecode.c.objc; name = CCEventDispatcher.m; path = libs/cocos2d/Platforms/Mac/CCEventDispatcher.m; sourceTree = "<group>"; };
		D7E146A01588CE7D00FE226A /* MacGLView.h */ = {isa = PBXFileReference; name = MacGLView.h; path = libs/cocos2d/Platforms/Mac/MacGLView.h; sourceTree = "<group>"; };
		D7E146A11588CE7D00FE226A /* MacGLView.m */ = {isa = PBXFileReference; lastKnownFileType = sourcecode.c.objc; name = MacGLView.m; path = libs/cocos2d/Platforms/Mac/MacGLView.m; sourceTree = "<group>"; };
		D7E146A31588CE7D00FE226A /* MacWindow.h */ = {isa = PBXFileReference; name = MacWindow.h; path = libs/cocos2d/Platforms/Mac/MacWindow.h; sourceTree = "<group>"; };
		D7E146A41588CE7D00FE226A /* MacWindow.m */ = {isa = PBXFileReference; lastKnownFileType = sourcecode.c.objc; name = MacWindow.m; path = libs/cocos2d/Platforms/Mac/MacWindow.m; sourceTree = "<group>"; };
		D7E146A71588CE7D00FE226A /* base64.c */ = {isa = PBXFileReference; lastKnownFileType = sourcecode.c.c; name = base64.c; path = libs/cocos2d/Support/base64.c; sourceTree = "<group>"; };
		D7E146A91588CE7D00FE226A /* base64.h */ = {isa = PBXFileReference; name = base64.h; path = libs/cocos2d/Support/base64.h; sourceTree = "<group>"; };
		D7E146AA1588CE7D00FE226A /* CCArray.h */ = {isa = PBXFileReference; name = CCArray.h; path = libs/cocos2d/Support/CCArray.h; sourceTree = "<group>"; };
		D7E146AB1588CE7D00FE226A /* CCArray.m */ = {isa = PBXFileReference; lastKnownFileType = sourcecode.c.objc; name = CCArray.m; path = libs/cocos2d/Support/CCArray.m; sourceTree = "<group>"; };
		D7E146AD1588CE7D00FE226A /* ccCArray.h */ = {isa = PBXFileReference; name = ccCArray.h; path = libs/cocos2d/Support/ccCArray.h; sourceTree = "<group>"; };
		D7E146AE1588CE7D00FE226A /* CCFileUtils.h */ = {isa = PBXFileReference; name = CCFileUtils.h; path = libs/cocos2d/Support/CCFileUtils.h; sourceTree = "<group>"; };
		D7E146AF1588CE7D00FE226A /* CCFileUtils.m */ = {isa = PBXFileReference; lastKnownFileType = sourcecode.c.objc; name = CCFileUtils.m; path = libs/cocos2d/Support/CCFileUtils.m; sourceTree = "<group>"; };
		D7E146B11588CE7D00FE226A /* CCProfiling.h */ = {isa = PBXFileReference; name = CCProfiling.h; path = libs/cocos2d/Support/CCProfiling.h; sourceTree = "<group>"; };
		D7E146B21588CE7D00FE226A /* CCProfiling.m */ = {isa = PBXFileReference; lastKnownFileType = sourcecode.c.objc; name = CCProfiling.m; path = libs/cocos2d/Support/CCProfiling.m; sourceTree = "<group>"; };
		D7E146B41588CE7D00FE226A /* ccUtils.c */ = {isa = PBXFileReference; lastKnownFileType = sourcecode.c.c; name = ccUtils.c; path = libs/cocos2d/Support/ccUtils.c; sourceTree = "<group>"; };
		D7E146B61588CE7D00FE226A /* ccUtils.h */ = {isa = PBXFileReference; name = ccUtils.h; path = libs/cocos2d/Support/ccUtils.h; sourceTree = "<group>"; };
		D7E146B71588CE7D00FE226A /* CGPointExtension.h */ = {isa = PBXFileReference; name = CGPointExtension.h; path = libs/cocos2d/Support/CGPointExtension.h; sourceTree = "<group>"; };
		D7E146B81588CE7D00FE226A /* CGPointExtension.m */ = {isa = PBXFileReference; lastKnownFileType = sourcecode.c.objc; name = CGPointExtension.m; path = libs/cocos2d/Support/CGPointExtension.m; sourceTree = "<group>"; };
		D7E146BA1588CE7D00FE226A /* OpenGL_Internal.h */ = {isa = PBXFileReference; name = OpenGL_Internal.h; path = libs/cocos2d/Support/OpenGL_Internal.h; sourceTree = "<group>"; };
		D7E146BB1588CE7D00FE226A /* TGAlib.h */ = {isa = PBXFileReference; name = TGAlib.h; path = libs/cocos2d/Support/TGAlib.h; sourceTree = "<group>"; };
		D7E146BC1588CE7D00FE226A /* TGAlib.m */ = {isa = PBXFileReference; lastKnownFileType = sourcecode.c.objc; name = TGAlib.m; path = libs/cocos2d/Support/TGAlib.m; sourceTree = "<group>"; };
		D7E146BE1588CE7D00FE226A /* TransformUtils.h */ = {isa = PBXFileReference; name = TransformUtils.h; path = libs/cocos2d/Support/TransformUtils.h; sourceTree = "<group>"; };
		D7E146BF1588CE7D00FE226A /* TransformUtils.m */ = {isa = PBXFileReference; lastKnownFileType = sourcecode.c.objc; name = TransformUtils.m; path = libs/cocos2d/Support/TransformUtils.m; sourceTree = "<group>"; };
		D7E146C11588CE7D00FE226A /* uthash.h */ = {isa = PBXFileReference; name = uthash.h; path = libs/cocos2d/Support/uthash.h; sourceTree = "<group>"; };
		D7E146C21588CE7D00FE226A /* utlist.h */ = {isa = PBXFileReference; name = utlist.h; path = libs/cocos2d/Support/utlist.h; sourceTree = "<group>"; };
		D7E146C31588CE7D00FE226A /* ZipUtils.h */ = {isa = PBXFileReference; name = ZipUtils.h; path = libs/cocos2d/Support/ZipUtils.h; sourceTree = "<group>"; };
		D7E146C41588CE7E00FE226A /* ZipUtils.m */ = {isa = PBXFileReference; lastKnownFileType = sourcecode.c.objc; name = ZipUtils.m; path = libs/cocos2d/Support/ZipUtils.m; sourceTree = "<group>"; };
		D7E146C61588CE7E00FE226A /* LICENSE_cocos2d.txt */ = {isa = PBXFileReference; name = LICENSE_cocos2d.txt; path = libs/LICENSE_cocos2d.txt; sourceTree = "<group>"; };
		D7E146C81588CE7E00FE226A /* CDAudioManager.h */ = {isa = PBXFileReference; name = CDAudioManager.h; path = libs/CocosDenshion/CDAudioManager.h; sourceTree = "<group>"; };
		D7E146C91588CE7E00FE226A /* CDAudioManager.m */ = {isa = PBXFileReference; lastKnownFileType = sourcecode.c.objc; name = CDAudioManager.m; path = libs/CocosDenshion/CDAudioManager.m; sourceTree = "<group>"; };
		D7E146CB1588CE7E00FE226A /* CDConfig.h */ = {isa = PBXFileReference; name = CDConfig.h; path = libs/CocosDenshion/CDConfig.h; sourceTree = "<group>"; };
		D7E146CC1588CE7E00FE226A /* CDOpenALSupport.h */ = {isa = PBXFileReference; name = CDOpenALSupport.h; path = libs/CocosDenshion/CDOpenALSupport.h; sourceTree = "<group>"; };
		D7E146CD1588CE7E00FE226A /* CDOpenALSupport.m */ = {isa = PBXFileReference; lastKnownFileType = sourcecode.c.objc; name = CDOpenALSupport.m; path = libs/CocosDenshion/CDOpenALSupport.m; sourceTree = "<group>"; };
		D7E146CF1588CE7E00FE226A /* CocosDenshion.h */ = {isa = PBXFileReference; name = CocosDenshion.h; path = libs/CocosDenshion/CocosDenshion.h; sourceTree = "<group>"; };
		D7E146D01588CE7E00FE226A /* CocosDenshion.m */ = {isa = PBXFileReference; lastKnownFileType = sourcecode.c.objc; name = CocosDenshion.m; path = libs/CocosDenshion/CocosDenshion.m; sourceTree = "<group>"; };
		D7E146D21588CE7E00FE226A /* SimpleAudioEngine.h */ = {isa = PBXFileReference; name = SimpleAudioEngine.h; path = libs/CocosDenshion/SimpleAudioEngine.h; sourceTree = "<group>"; };
		D7E146D31588CE7E00FE226A /* SimpleAudioEngine.m */ = {isa = PBXFileReference; lastKnownFileType = sourcecode.c.objc; name = SimpleAudioEngine.m; path = libs/CocosDenshion/SimpleAudioEngine.m; sourceTree = "<group>"; };
		D7E146D51588CE7E00FE226A /* LICENSE_CocosDenshion.txt */ = {isa = PBXFileReference; name = LICENSE_CocosDenshion.txt; path = libs/LICENSE_CocosDenshion.txt; sourceTree = "<group>"; };
		D7E146D71588CE7E00FE226A /* CLScoreServerPost.h */ = {isa = PBXFileReference; name = CLScoreServerPost.h; path = libs/cocoslive/CLScoreServerPost.h; sourceTree = "<group>"; };
		D7E146D81588CE7E00FE226A /* CLScoreServerPost.m */ = {isa = PBXFileReference; lastKnownFileType = sourcecode.c.objc; name = CLScoreServerPost.m; path = libs/cocoslive/CLScoreServerPost.m; sourceTree = "<group>"; };
		D7E146DA1588CE7E00FE226A /* CLScoreServerRequest.h */ = {isa = PBXFileReference; name = CLScoreServerRequest.h; path = libs/cocoslive/CLScoreServerRequest.h; sourceTree = "<group>"; };
		D7E146DB1588CE7E00FE226A /* CLScoreServerRequest.m */ = {isa = PBXFileReference; lastKnownFileType = sourcecode.c.objc; name = CLScoreServerRequest.m; path = libs/cocoslive/CLScoreServerRequest.m; sourceTree = "<group>"; };
		D7E146DD1588CE7E00FE226A /* cocoslive.h */ = {isa = PBXFileReference; name = cocoslive.h; path = libs/cocoslive/cocoslive.h; sourceTree = "<group>"; };
		D7E146DE1588CE7E00FE226A /* cocoslive.m */ = {isa = PBXFileReference; lastKnownFileType = sourcecode.c.objc; name = cocoslive.m; path = libs/cocoslive/cocoslive.m; sourceTree = "<group>"; };
		D7E146E01588CE7E00FE226A /* LICENSE_TouchJSON.txt */ = {isa = PBXFileReference; name = LICENSE_TouchJSON.txt; path = libs/LICENSE_TouchJSON.txt; sourceTree = "<group>"; };
		D7E146E21588CE7E00FE226A /* CDataScanner.h */ = {isa = PBXFileReference; name = CDataScanner.h; path = libs/TouchJSON/CDataScanner.h; sourceTree = "<group>"; };
		D7E146E31588CE7E00FE226A /* CDataScanner.m */ = {isa = PBXFileReference; lastKnownFileType = sourcecode.c.objc; name = CDataScanner.m; path = libs/TouchJSON/CDataScanner.m; sourceTree = "<group>"; };
		D7E146E61588CE7E00FE226A /* CDataScanner_Extensions.h */ = {isa = PBXFileReference; name = CDataScanner_Extensions.h; path = libs/TouchJSON/Extensions/CDataScanner_Extensions.h; sourceTree = "<group>"; };
		D7E146E71588CE7E00FE226A /* CDataScanner_Extensions.m */ = {isa = PBXFileReference; lastKnownFileType = sourcecode.c.objc; name = CDataScanner_Extensions.m; path = libs/TouchJSON/Extensions/CDataScanner_Extensions.m; sourceTree = "<group>"; };
		D7E146E91588CE7E00FE226A /* NSDictionary_JSONExtensions.h */ = {isa = PBXFileReference; name = NSDictionary_JSONExtensions.h; path = libs/TouchJSON/Extensions/NSDictionary_JSONExtensions.h; sourceTree = "<group>"; };
		D7E146EA1588CE7E00FE226A /* NSDictionary_JSONExtensions.m */ = {isa = PBXFileReference; lastKnownFileType = sourcecode.c.objc; name = NSDictionary_JSONExtensions.m; path = libs/TouchJSON/Extensions/NSDictionary_JSONExtensions.m; sourceTree = "<group>"; };
		D7E146ED1588CE7E00FE226A /* CJSONDeserializer.h */ = {isa = PBXFileReference; name = CJSONDeserializer.h; path = libs/TouchJSON/JSON/CJSONDeserializer.h; sourceTree = "<group>"; };
		D7E146EE1588CE7E00FE226A /* CJSONDeserializer.m */ = {isa = PBXFileReference; lastKnownFileType = sourcecode.c.objc; name = CJSONDeserializer.m; path = libs/TouchJSON/JSON/CJSONDeserializer.m; sourceTree = "<group>"; };
		D7E146F01588CE7E00FE226A /* CJSONScanner.h */ = {isa = PBXFileReference; name = CJSONScanner.h; path = libs/TouchJSON/JSON/CJSONScanner.h; sourceTree = "<group>"; };
		D7E146F11588CE7E00FE226A /* CJSONScanner.m */ = {isa = PBXFileReference; lastKnownFileType = sourcecode.c.objc; name = CJSONScanner.m; path = libs/TouchJSON/JSON/CJSONScanner.m; sourceTree = "<group>"; };
		D7E146F31588CE7E00FE226A /* CJSONSerializer.h */ = {isa = PBXFileReference; name = CJSONSerializer.h; path = libs/TouchJSON/JSON/CJSONSerializer.h; sourceTree = "<group>"; };
		D7E146F41588CE7E00FE226A /* CJSONSerializer.m */ = {isa = PBXFileReference; lastKnownFileType = sourcecode.c.objc; name = CJSONSerializer.m; path = libs/TouchJSON/JSON/CJSONSerializer.m; sourceTree = "<group>"; };
		D7E146F61588CE7E00FE226A /* JSONRepresentation.h */ = {isa = PBXFileReference; name = JSONRepresentation.h; path = libs/TouchJSON/JSON/JSONRepresentation.h; sourceTree = "<group>"; };
		D7E146F81588CE7E00FE226A /* FontLabel.h */ = {isa = PBXFileReference; name = FontLabel.h; path = libs/FontLabel/FontLabel.h; sourceTree = "<group>"; };
		D7E146F91588CE7E00FE226A /* FontLabel.m */ = {isa = PBXFileReference; lastKnownFileType = sourcecode.c.objc; name = FontLabel.m; path = libs/FontLabel/FontLabel.m; sourceTree = "<group>"; };
		D7E146FB1588CE7E00FE226A /* FontLabelStringDrawing.h */ = {isa = PBXFileReference; name = FontLabelStringDrawing.h; path = libs/FontLabel/FontLabelStringDrawing.h; sourceTree = "<group>"; };
		D7E146FC1588CE7E00FE226A /* FontLabelStringDrawing.m */ = {isa = PBXFileReference; lastKnownFileType = sourcecode.c.objc; name = FontLabelStringDrawing.m; path = libs/FontLabel/FontLabelStringDrawing.m; sourceTree = "<group>"; };
		D7E146FE1588CE7E00FE226A /* FontManager.h */ = {isa = PBXFileReference; name = FontManager.h; path = libs/FontLabel/FontManager.h; sourceTree = "<group>"; };
		D7E146FF1588CE7E00FE226A /* FontManager.m */ = {isa = PBXFileReference; lastKnownFileType = sourcecode.c.objc; name = FontManager.m; path = libs/FontLabel/FontManager.m; sourceTree = "<group>"; };
		D7E147011588CE7E00FE226A /* ZAttributedString.h */ = {isa = PBXFileReference; name = ZAttributedString.h; path = libs/FontLabel/ZAttributedString.h; sourceTree = "<group>"; };
		D7E147021588CE7E00FE226A /* ZAttributedString.m */ = {isa = PBXFileReference; lastKnownFileType = sourcecode.c.objc; name = ZAttributedString.m; path = libs/FontLabel/ZAttributedString.m; sourceTree = "<group>"; };
		D7E147041588CE7E00FE226A /* ZAttributedStringPrivate.h */ = {isa = PBXFileReference; name = ZAttributedStringPrivate.h; path = libs/FontLabel/ZAttributedStringPrivate.h; sourceTree = "<group>"; };
		D7E147051588CE7E00FE226A /* ZFont.h */ = {isa = PBXFileReference; name = ZFont.h; path = libs/FontLabel/ZFont.h; sourceTree = "<group>"; };
		D7E147061588CE7E00FE226A /* ZFont.m */ = {isa = PBXFileReference; lastKnownFileType = sourcecode.c.objc; name = ZFont.m; path = libs/FontLabel/ZFont.m; sourceTree = "<group>"; };
		D7E147081588CE7E00FE226A /* LICENSE_FontLabel.txt */ = {isa = PBXFileReference; name = LICENSE_FontLabel.txt; path = libs/LICENSE_FontLabel.txt; sourceTree = "<group>"; };
		D7E1470A1588CE7E00FE226A /* Prefix.pch */ = {isa = PBXFileReference; path = Prefix.pch; sourceTree = "<group>"; };
		D7E1470B1588CE7E00FE226A /* main.m */ = {isa = PBXFileReference; lastKnownFileType = sourcecode.c.objc; path = main.m; sourceTree = "<group>"; };
		D7E1470D1588CE7E00FE226A /* AppDelegate.h */ = {isa = PBXFileReference; path = AppDelegate.h; sourceTree = "<group>"; };
		D7E1470E1588CE7E00FE226A /* AppDelegate.m */ = {isa = PBXFileReference; lastKnownFileType = sourcecode.c.objc; path = AppDelegate.m; sourceTree = "<group>"; };
		D7E147101588CE7E00FE226A /* RootViewController.h */ = {isa = PBXFileReference; path = RootViewController.h; sourceTree = "<group>"; };
		D7E147111588CE7E00FE226A /* RootViewController.m */ = {isa = PBXFileReference; lastKnownFileType = sourcecode.c.objc; path = RootViewController.m; sourceTree = "<group>"; };
		D7E147131588CE7E00FE226A /* HelloWorldLayer.h */ = {isa = PBXFileReference; path = HelloWorldLayer.h; sourceTree = "<group>"; };
		D7E147141588CE7E00FE226A /* HelloWorldLayer.m */ = {isa = PBXFileReference; lastKnownFileType = sourcecode.c.objc; path = HelloWorldLayer.m; sourceTree = "<group>"; };
		D7E147161588CE7E00FE226A /* GameConfig.h */ = {isa = PBXFileReference; path = GameConfig.h; sourceTree = "<group>"; };
/* End PBXFileReference section */

/* Begin PBXFrameworksBuildPhase section */
		D7E145A41588CE7B00FE226A /* Frameworks */ = {
			isa = PBXFrameworksBuildPhase;
			buildActionMask = 2147483647;
			files = (
				D7E145AC1588CE7B00FE226A /* QuartzCore.framework in Frameworks */,
				D7E145AE1588CE7B00FE226A /* OpenGLES.framework in Frameworks */,
				D7E145B01588CE7B00FE226A /* OpenAL.framework in Frameworks */,
				D7E145B21588CE7B00FE226A /* AudioToolbox.framework in Frameworks */,
				D7E145B41588CE7B00FE226A /* AVFoundation.framework in Frameworks */,
				D7E145B61588CE7B00FE226A /* UIKit.framework in Frameworks */,
				D7E145B81588CE7B00FE226A /* Foundation.framework in Frameworks */,
				D7E145BA1588CE7B00FE226A /* CoreGraphics.framework in Frameworks */,
			);
			runOnlyForDeploymentPostprocessing = 0;
		};
/* End PBXFrameworksBuildPhase section */

/* Begin PBXGroup section */
		D7E1459C1588CE7A00FE226A = {
			isa = PBXGroup;
			children = (
				D7E145BB1588CE7B00FE226A /* shooter */,
				D7E145AA1588CE7B00FE226A /* Frameworks */,
				D7E145A81588CE7B00FE226A /* Products */,
			);
			sourceTree = "<group>";
		};
		D7E145A81588CE7B00FE226A /* Products */ = {
			isa = PBXGroup;
			children = (
				D7E145A71588CE7B00FE226A /* shooter.app */,
			);
			name = Products;
			sourceTree = "<group>";
		};
		D7E145AA1588CE7B00FE226A /* Frameworks */ = {
			isa = PBXGroup;
			children = (
				D7E145AB1588CE7B00FE226A /* QuartzCore.framework */,
				D7E145AD1588CE7B00FE226A /* OpenGLES.framework */,
				D7E145AF1588CE7B00FE226A /* OpenAL.framework */,
				D7E145B11588CE7B00FE226A /* AudioToolbox.framework */,
				D7E145B31588CE7B00FE226A /* AVFoundation.framework */,
				D7E145B51588CE7B00FE226A /* UIKit.framework */,
				D7E145B71588CE7B00FE226A /* Foundation.framework */,
				D7E145B91588CE7B00FE226A /* CoreGraphics.framework */,
			);
			name = Frameworks;
			sourceTree = "<group>";
		};
		D7E145BB1588CE7B00FE226A /* shooter */ = {
			isa = PBXGroup;
			children = (
				D7E1470D1588CE7E00FE226A /* AppDelegate.h */,
				D7E1470E1588CE7E00FE226A /* AppDelegate.m */,
				D7E147101588CE7E00FE226A /* RootViewController.h */,
				D7E147111588CE7E00FE226A /* RootViewController.m */,
				D7E147131588CE7E00FE226A /* HelloWorldLayer.h */,
				D7E147141588CE7E00FE226A /* HelloWorldLayer.m */,
				D7E147161588CE7E00FE226A /* GameConfig.h */,
				D7E145BC1588CE7B00FE226A /* Resources */,
				D7E145D01588CE7B00FE226A /* libs */,
				D7E147091588CE7E00FE226A /* Supporting Files */,
			);
			path = shooter;
			sourceTree = "<group>";
		};
		D7E145BC1588CE7B00FE226A /* Resources */ = {
			isa = PBXGroup;
			children = (
				D7E145BD1588CE7B00FE226A /* Default.png */,
				D7E145BF1588CE7B00FE226A /* fps_images.png */,
				D7E145C11588CE7B00FE226A /* Icon-72.png */,
				D7E145C31588CE7B00FE226A /* Icon-Small-50.png */,
				D7E145C51588CE7B00FE226A /* Icon-Small.png */,
				D7E145C71588CE7B00FE226A /* Icon-Small@2x.png */,
				D7E145C91588CE7B00FE226A /* Icon.png */,
				D7E145CB1588CE7B00FE226A /* Icon@2x.png */,
				D7E145CD1588CE7B00FE226A /* Info.plist */,
				D7E145CE1588CE7B00FE226A /* iTunesArtwork */,
			);
			name = Resources;
			sourceTree = "<group>";
		};
		D7E145D01588CE7B00FE226A /* libs */ = {
			isa = PBXGroup;
			children = (
				D7E146C61588CE7E00FE226A /* LICENSE_cocos2d.txt */,
				D7E146D51588CE7E00FE226A /* LICENSE_CocosDenshion.txt */,
				D7E146E01588CE7E00FE226A /* LICENSE_TouchJSON.txt */,
				D7E147081588CE7E00FE226A /* LICENSE_FontLabel.txt */,
				D7E145D11588CE7B00FE226A /* cocos2d */,
				D7E146C71588CE7E00FE226A /* CocosDenshion */,
				D7E146D61588CE7E00FE226A /* cocoslive */,
				D7E146E11588CE7E00FE226A /* TouchJSON */,
				D7E146F71588CE7E00FE226A /* FontLabel */,
			);
			name = libs;
			sourceTree = "<group>";
		};
		D7E145D11588CE7B00FE226A /* cocos2d */ = {
			isa = PBXGroup;
			children = (
				D7E145D21588CE7B00FE226A /* CCAction.h */,
				D7E145D31588CE7B00FE226A /* CCAction.m */,
				D7E145D51588CE7B00FE226A /* CCActionCamera.h */,
				D7E145D61588CE7B00FE226A /* CCActionCamera.m */,
				D7E145D81588CE7B00FE226A /* CCActionEase.h */,
				D7E145D91588CE7B00FE226A /* CCActionEase.m */,
				D7E145DB1588CE7B00FE226A /* CCActionGrid.h */,
				D7E145DC1588CE7B00FE226A /* CCActionGrid.m */,
				D7E145DE1588CE7B00FE226A /* CCActionGrid3D.h */,
				D7E145DF1588CE7B00FE226A /* CCActionGrid3D.m */,
				D7E145E11588CE7B00FE226A /* CCActionInstant.h */,
				D7E145E21588CE7B00FE226A /* CCActionInstant.m */,
				D7E145E41588CE7B00FE226A /* CCActionInterval.h */,
				D7E145E51588CE7B00FE226A /* CCActionInterval.m */,
				D7E145E71588CE7B00FE226A /* CCActionManager.h */,
				D7E145E81588CE7B00FE226A /* CCActionManager.m */,
				D7E145EA1588CE7B00FE226A /* CCActionPageTurn3D.h */,
				D7E145EB1588CE7B00FE226A /* CCActionPageTurn3D.m */,
				D7E145ED1588CE7B00FE226A /* CCActionProgressTimer.h */,
				D7E145EE1588CE7B00FE226A /* CCActionProgressTimer.m */,
				D7E145F01588CE7B00FE226A /* CCActionTiledGrid.h */,
				D7E145F11588CE7B00FE226A /* CCActionTiledGrid.m */,
				D7E145F31588CE7B00FE226A /* CCActionTween.h */,
				D7E145F41588CE7B00FE226A /* CCActionTween.m */,
				D7E145F61588CE7B00FE226A /* CCAnimation.h */,
				D7E145F71588CE7B00FE226A /* CCAnimation.m */,
				D7E145F91588CE7B00FE226A /* CCAnimationCache.h */,
				D7E145FA1588CE7B00FE226A /* CCAnimationCache.m */,
				D7E145FC1588CE7B00FE226A /* CCAtlasNode.h */,
				D7E145FD1588CE7B00FE226A /* CCAtlasNode.m */,
				D7E145FF1588CE7B00FE226A /* CCBlockSupport.h */,
				D7E146001588CE7B00FE226A /* CCBlockSupport.m */,
				D7E146021588CE7B00FE226A /* CCCamera.h */,
				D7E146031588CE7B00FE226A /* CCCamera.m */,
				D7E146051588CE7B00FE226A /* ccConfig.h */,
				D7E146061588CE7B00FE226A /* CCConfiguration.h */,
				D7E146071588CE7C00FE226A /* CCConfiguration.m */,
				D7E146091588CE7C00FE226A /* CCDirector.h */,
				D7E1460A1588CE7C00FE226A /* CCDirector.m */,
				D7E1460C1588CE7C00FE226A /* CCDrawingPrimitives.h */,
				D7E1460D1588CE7C00FE226A /* CCDrawingPrimitives.m */,
				D7E1460F1588CE7C00FE226A /* CCGrabber.h */,
				D7E146101588CE7C00FE226A /* CCGrabber.m */,
				D7E146121588CE7C00FE226A /* CCGrid.h */,
				D7E146131588CE7C00FE226A /* CCGrid.m */,
				D7E146151588CE7C00FE226A /* CCLabelAtlas.h */,
				D7E146161588CE7C00FE226A /* CCLabelAtlas.m */,
				D7E146181588CE7C00FE226A /* CCLabelBMFont.h */,
				D7E146191588CE7C00FE226A /* CCLabelBMFont.m */,
				D7E1461B1588CE7C00FE226A /* CCLabelTTF.h */,
				D7E1461C1588CE7C00FE226A /* CCLabelTTF.m */,
				D7E1461E1588CE7C00FE226A /* CCLayer.h */,
				D7E1461F1588CE7C00FE226A /* CCLayer.m */,
				D7E146211588CE7C00FE226A /* ccMacros.h */,
				D7E146221588CE7C00FE226A /* CCMenu.h */,
				D7E146231588CE7C00FE226A /* CCMenu.m */,
				D7E146251588CE7C00FE226A /* CCMenuItem.h */,
				D7E146261588CE7C00FE226A /* CCMenuItem.m */,
				D7E146281588CE7C00FE226A /* CCMotionStreak.h */,
				D7E146291588CE7C00FE226A /* CCMotionStreak.m */,
				D7E1462B1588CE7C00FE226A /* CCNode.h */,
				D7E1462C1588CE7C00FE226A /* CCNode.m */,
				D7E1462E1588CE7C00FE226A /* CCParallaxNode.h */,
				D7E1462F1588CE7C00FE226A /* CCParallaxNode.m */,
				D7E146311588CE7C00FE226A /* CCParticleExamples.h */,
				D7E146321588CE7C00FE226A /* CCParticleExamples.m */,
				D7E146341588CE7C00FE226A /* CCParticleSystem.h */,
				D7E146351588CE7C00FE226A /* CCParticleSystem.m */,
				D7E146371588CE7C00FE226A /* CCParticleSystemPoint.h */,
				D7E146381588CE7C00FE226A /* CCParticleSystemPoint.m */,
				D7E1463A1588CE7C00FE226A /* CCParticleSystemQuad.h */,
				D7E1463B1588CE7C00FE226A /* CCParticleSystemQuad.m */,
				D7E1463D1588CE7C00FE226A /* CCProgressTimer.h */,
				D7E1463E1588CE7C00FE226A /* CCProgressTimer.m */,
				D7E146401588CE7C00FE226A /* CCProtocols.h */,
				D7E146411588CE7C00FE226A /* CCRenderTexture.h */,
				D7E146421588CE7C00FE226A /* CCRenderTexture.m */,
				D7E146441588CE7C00FE226A /* CCRibbon.h */,
				D7E146451588CE7C00FE226A /* CCRibbon.m */,
				D7E146471588CE7C00FE226A /* CCScene.h */,
				D7E146481588CE7C00FE226A /* CCScene.m */,
				D7E1464A1588CE7C00FE226A /* CCScheduler.h */,
				D7E1464B1588CE7C00FE226A /* CCScheduler.m */,
				D7E1464D1588CE7C00FE226A /* CCSprite.h */,
				D7E1464E1588CE7C00FE226A /* CCSprite.m */,
				D7E146501588CE7C00FE226A /* CCSpriteBatchNode.h */,
				D7E146511588CE7C00FE226A /* CCSpriteBatchNode.m */,
				D7E146531588CE7C00FE226A /* CCSpriteFrame.h */,
				D7E146541588CE7C00FE226A /* CCSpriteFrame.m */,
				D7E146561588CE7C00FE226A /* CCSpriteFrameCache.h */,
				D7E146571588CE7C00FE226A /* CCSpriteFrameCache.m */,
				D7E146591588CE7C00FE226A /* CCTexture2D.h */,
				D7E1465A1588CE7C00FE226A /* CCTexture2D.m */,
				D7E1465C1588CE7C00FE226A /* CCTextureAtlas.h */,
				D7E1465D1588CE7D00FE226A /* CCTextureAtlas.m */,
				D7E1465F1588CE7D00FE226A /* CCTextureCache.h */,
				D7E146601588CE7D00FE226A /* CCTextureCache.m */,
				D7E146621588CE7D00FE226A /* CCTexturePVR.h */,
				D7E146631588CE7D00FE226A /* CCTexturePVR.m */,
				D7E146651588CE7D00FE226A /* CCTileMapAtlas.h */,
				D7E146661588CE7D00FE226A /* CCTileMapAtlas.m */,
				D7E146681588CE7D00FE226A /* CCTMXLayer.h */,
				D7E146691588CE7D00FE226A /* CCTMXLayer.m */,
				D7E1466B1588CE7D00FE226A /* CCTMXObjectGroup.h */,
				D7E1466C1588CE7D00FE226A /* CCTMXObjectGroup.m */,
				D7E1466E1588CE7D00FE226A /* CCTMXTiledMap.h */,
				D7E1466F1588CE7D00FE226A /* CCTMXTiledMap.m */,
				D7E146711588CE7D00FE226A /* CCTMXXMLParser.h */,
				D7E146721588CE7D00FE226A /* CCTMXXMLParser.m */,
				D7E146741588CE7D00FE226A /* CCTransition.h */,
				D7E146751588CE7D00FE226A /* CCTransition.m */,
				D7E146771588CE7D00FE226A /* CCTransitionPageTurn.h */,
				D7E146781588CE7D00FE226A /* CCTransitionPageTurn.m */,
				D7E1467A1588CE7D00FE226A /* CCTransitionRadial.h */,
				D7E1467B1588CE7D00FE226A /* CCTransitionRadial.m */,
				D7E1467D1588CE7D00FE226A /* ccTypes.h */,
				D7E1467E1588CE7D00FE226A /* cocos2d.h */,
				D7E1467F1588CE7D00FE226A /* cocos2d.m */,
				D7E146811588CE7D00FE226A /* Platforms */,
				D7E146A61588CE7D00FE226A /* Support */,
			);
			name = cocos2d;
			sourceTree = "<group>";
		};
		D7E146811588CE7D00FE226A /* Platforms */ = {
			isa = PBXGroup;
			children = (
				D7E146821588CE7D00FE226A /* CCGL.h */,
				D7E146831588CE7D00FE226A /* CCNS.h */,
				D7E146841588CE7D00FE226A /* iOS */,
				D7E146991588CE7D00FE226A /* Mac */,
			);
			name = Platforms;
			sourceTree = "<group>";
		};
		D7E146841588CE7D00FE226A /* iOS */ = {
			isa = PBXGroup;
			children = (
				D7E146851588CE7D00FE226A /* CCDirectorIOS.h */,
				D7E146861588CE7D00FE226A /* CCDirectorIOS.m */,
				D7E146881588CE7D00FE226A /* CCTouchDelegateProtocol.h */,
				D7E146891588CE7D00FE226A /* CCTouchDispatcher.h */,
				D7E1468A1588CE7D00FE226A /* CCTouchDispatcher.m */,
				D7E1468C1588CE7D00FE226A /* CCTouchHandler.h */,
				D7E1468D1588CE7D00FE226A /* CCTouchHandler.m */,
				D7E1468F1588CE7D00FE226A /* EAGLView.h */,
				D7E146901588CE7D00FE226A /* EAGLView.m */,
				D7E146921588CE7D00FE226A /* ES1Renderer.h */,
				D7E146931588CE7D00FE226A /* ES1Renderer.m */,
				D7E146951588CE7D00FE226A /* ESRenderer.h */,
				D7E146961588CE7D00FE226A /* glu.c */,
				D7E146981588CE7D00FE226A /* glu.h */,
			);
			name = iOS;
			sourceTree = "<group>";
		};
		D7E146991588CE7D00FE226A /* Mac */ = {
			isa = PBXGroup;
			children = (
				D7E1469A1588CE7D00FE226A /* CCDirectorMac.h */,
				D7E1469B1588CE7D00FE226A /* CCDirectorMac.m */,
				D7E1469D1588CE7D00FE226A /* CCEventDispatcher.h */,
				D7E1469E1588CE7D00FE226A /* CCEventDispatcher.m */,
				D7E146A01588CE7D00FE226A /* MacGLView.h */,
				D7E146A11588CE7D00FE226A /* MacGLView.m */,
				D7E146A31588CE7D00FE226A /* MacWindow.h */,
				D7E146A41588CE7D00FE226A /* MacWindow.m */,
			);
			name = Mac;
			sourceTree = "<group>";
		};
		D7E146A61588CE7D00FE226A /* Support */ = {
			isa = PBXGroup;
			children = (
				D7E146A71588CE7D00FE226A /* base64.c */,
				D7E146A91588CE7D00FE226A /* base64.h */,
				D7E146AA1588CE7D00FE226A /* CCArray.h */,
				D7E146AB1588CE7D00FE226A /* CCArray.m */,
				D7E146AD1588CE7D00FE226A /* ccCArray.h */,
				D7E146AE1588CE7D00FE226A /* CCFileUtils.h */,
				D7E146AF1588CE7D00FE226A /* CCFileUtils.m */,
				D7E146B11588CE7D00FE226A /* CCProfiling.h */,
				D7E146B21588CE7D00FE226A /* CCProfiling.m */,
				D7E146B41588CE7D00FE226A /* ccUtils.c */,
				D7E146B61588CE7D00FE226A /* ccUtils.h */,
				D7E146B71588CE7D00FE226A /* CGPointExtension.h */,
				D7E146B81588CE7D00FE226A /* CGPointExtension.m */,
				D7E146BA1588CE7D00FE226A /* OpenGL_Internal.h */,
				D7E146BB1588CE7D00FE226A /* TGAlib.h */,
				D7E146BC1588CE7D00FE226A /* TGAlib.m */,
				D7E146BE1588CE7D00FE226A /* TransformUtils.h */,
				D7E146BF1588CE7D00FE226A /* TransformUtils.m */,
				D7E146C11588CE7D00FE226A /* uthash.h */,
				D7E146C21588CE7D00FE226A /* utlist.h */,
				D7E146C31588CE7D00FE226A /* ZipUtils.h */,
				D7E146C41588CE7E00FE226A /* ZipUtils.m */,
			);
			name = Support;
			sourceTree = "<group>";
		};
		D7E146C71588CE7E00FE226A /* CocosDenshion */ = {
			isa = PBXGroup;
			children = (
				D7E146C81588CE7E00FE226A /* CDAudioManager.h */,
				D7E146C91588CE7E00FE226A /* CDAudioManager.m */,
				D7E146CB1588CE7E00FE226A /* CDConfig.h */,
				D7E146CC1588CE7E00FE226A /* CDOpenALSupport.h */,
				D7E146CD1588CE7E00FE226A /* CDOpenALSupport.m */,
				D7E146CF1588CE7E00FE226A /* CocosDenshion.h */,
				D7E146D01588CE7E00FE226A /* CocosDenshion.m */,
				D7E146D21588CE7E00FE226A /* SimpleAudioEngine.h */,
				D7E146D31588CE7E00FE226A /* SimpleAudioEngine.m */,
			);
			name = CocosDenshion;
			sourceTree = "<group>";
		};
		D7E146D61588CE7E00FE226A /* cocoslive */ = {
			isa = PBXGroup;
			children = (
				D7E146D71588CE7E00FE226A /* CLScoreServerPost.h */,
				D7E146D81588CE7E00FE226A /* CLScoreServerPost.m */,
				D7E146DA1588CE7E00FE226A /* CLScoreServerRequest.h */,
				D7E146DB1588CE7E00FE226A /* CLScoreServerRequest.m */,
				D7E146DD1588CE7E00FE226A /* cocoslive.h */,
				D7E146DE1588CE7E00FE226A /* cocoslive.m */,
			);
			name = cocoslive;
			sourceTree = "<group>";
		};
		D7E146E11588CE7E00FE226A /* TouchJSON */ = {
			isa = PBXGroup;
			children = (
				D7E146E21588CE7E00FE226A /* CDataScanner.h */,
				D7E146E31588CE7E00FE226A /* CDataScanner.m */,
				D7E146E51588CE7E00FE226A /* Extensions */,
				D7E146EC1588CE7E00FE226A /* JSON */,
			);
			name = TouchJSON;
			sourceTree = "<group>";
		};
		D7E146E51588CE7E00FE226A /* Extensions */ = {
			isa = PBXGroup;
			children = (
				D7E146E61588CE7E00FE226A /* CDataScanner_Extensions.h */,
				D7E146E71588CE7E00FE226A /* CDataScanner_Extensions.m */,
				D7E146E91588CE7E00FE226A /* NSDictionary_JSONExtensions.h */,
				D7E146EA1588CE7E00FE226A /* NSDictionary_JSONExtensions.m */,
			);
			name = Extensions;
			sourceTree = "<group>";
		};
		D7E146EC1588CE7E00FE226A /* JSON */ = {
			isa = PBXGroup;
			children = (
				D7E146ED1588CE7E00FE226A /* CJSONDeserializer.h */,
				D7E146EE1588CE7E00FE226A /* CJSONDeserializer.m */,
				D7E146F01588CE7E00FE226A /* CJSONScanner.h */,
				D7E146F11588CE7E00FE226A /* CJSONScanner.m */,
				D7E146F31588CE7E00FE226A /* CJSONSerializer.h */,
				D7E146F41588CE7E00FE226A /* CJSONSerializer.m */,
				D7E146F61588CE7E00FE226A /* JSONRepresentation.h */,
			);
			name = JSON;
			sourceTree = "<group>";
		};
		D7E146F71588CE7E00FE226A /* FontLabel */ = {
			isa = PBXGroup;
			children = (
				D7E146F81588CE7E00FE226A /* FontLabel.h */,
				D7E146F91588CE7E00FE226A /* FontLabel.m */,
				D7E146FB1588CE7E00FE226A /* FontLabelStringDrawing.h */,
				D7E146FC1588CE7E00FE226A /* FontLabelStringDrawing.m */,
				D7E146FE1588CE7E00FE226A /* FontManager.h */,
				D7E146FF1588CE7E00FE226A /* FontManager.m */,
				D7E147011588CE7E00FE226A /* ZAttributedString.h */,
				D7E147021588CE7E00FE226A /* ZAttributedString.m */,
				D7E147041588CE7E00FE226A /* ZAttributedStringPrivate.h */,
				D7E147051588CE7E00FE226A /* ZFont.h */,
				D7E147061588CE7E00FE226A /* ZFont.m */,
			);
			name = FontLabel;
			sourceTree = "<group>";
		};
		D7E147091588CE7E00FE226A /* Supporting Files */ = {
			isa = PBXGroup;
			children = (
				D7E1470A1588CE7E00FE226A /* Prefix.pch */,
				D7E1470B1588CE7E00FE226A /* main.m */,
			);
			name = "Supporting Files";
			sourceTree = "<group>";
		};
/* End PBXGroup section */

/* Begin PBXNativeTarget section */
		D7E145A61588CE7B00FE226A /* shooter */ = {
			isa = PBXNativeTarget;
			buildConfigurationList = D7E147191588CE7E00FE226A /* Build configuration list for PBXNativeTarget "shooter" */;
			buildPhases = (
				D7E145A31588CE7B00FE226A /* Sources */,
				D7E145A41588CE7B00FE226A /* Frameworks */,
				D7E145A51588CE7B00FE226A /* Resources */,
			);
			buildRules = (
			);
			dependencies = (
			);
			name = shooter;
			productName = shooter;
			productReference = D7E145A71588CE7B00FE226A /* shooter.app */;
			productType = "com.apple.product-type.application";
		};
/* End PBXNativeTarget section */

/* Begin PBXProject section */
		D7E1459E1588CE7A00FE226A /* Project object */ = {
			isa = PBXProject;
			attributes = {
				LastUpgradeCheck = 0430;
			};
			buildConfigurationList = D7E145A11588CE7A00FE226A /* Build configuration list for PBXProject "shooter" */;
			compatibilityVersion = "Xcode 3.2";
			developmentRegion = English;
			hasScannedForEncodings = 0;
			knownRegions = (
				en,
			);
			mainGroup = D7E1459C1588CE7A00FE226A;
			productRefGroup = D7E145A81588CE7B00FE226A /* Products */;
			projectDirPath = "";
			projectRoot = "";
			targets = (
				D7E145A61588CE7B00FE226A /* shooter */,
			);
		};
/* End PBXProject section */

/* Begin PBXResourcesBuildPhase section */
		D7E145A51588CE7B00FE226A /* Resources */ = {
			isa = PBXResourcesBuildPhase;
			buildActionMask = 2147483647;
			files = (
				D7E145BE1588CE7B00FE226A /* Default.png in Resources */,
				D7E145C01588CE7B00FE226A /* fps_images.png in Resources */,
				D7E145C21588CE7B00FE226A /* Icon-72.png in Resources */,
				D7E145C41588CE7B00FE226A /* Icon-Small-50.png in Resources */,
				D7E145C61588CE7B00FE226A /* Icon-Small.png in Resources */,
				D7E145C81588CE7B00FE226A /* Icon-Small@2x.png in Resources */,
				D7E145CA1588CE7B00FE226A /* Icon.png in Resources */,
				D7E145CC1588CE7B00FE226A /* Icon@2x.png in Resources */,
				D7E145CF1588CE7B00FE226A /* iTunesArtwork in Resources */,
			);
			runOnlyForDeploymentPostprocessing = 0;
		};
/* End PBXResourcesBuildPhase section */

/* Begin PBXSourcesBuildPhase section */
		D7E145A31588CE7B00FE226A /* Sources */ = {
			isa = PBXSourcesBuildPhase;
			buildActionMask = 2147483647;
			files = (
				D7E145D41588CE7B00FE226A /* CCAction.m in Sources */,
				D7E145D71588CE7B00FE226A /* CCActionCamera.m in Sources */,
				D7E145DA1588CE7B00FE226A /* CCActionEase.m in Sources */,
				D7E145DD1588CE7B00FE226A /* CCActionGrid.m in Sources */,
				D7E145E01588CE7B00FE226A /* CCActionGrid3D.m in Sources */,
				D7E145E31588CE7B00FE226A /* CCActionInstant.m in Sources */,
				D7E145E61588CE7B00FE226A /* CCActionInterval.m in Sources */,
				D7E145E91588CE7B00FE226A /* CCActionManager.m in Sources */,
				D7E145EC1588CE7B00FE226A /* CCActionPageTurn3D.m in Sources */,
				D7E145EF1588CE7B00FE226A /* CCActionProgressTimer.m in Sources */,
				D7E145F21588CE7B00FE226A /* CCActionTiledGrid.m in Sources */,
				D7E145F51588CE7B00FE226A /* CCActionTween.m in Sources */,
				D7E145F81588CE7B00FE226A /* CCAnimation.m in Sources */,
				D7E145FB1588CE7B00FE226A /* CCAnimationCache.m in Sources */,
				D7E145FE1588CE7B00FE226A /* CCAtlasNode.m in Sources */,
				D7E146011588CE7B00FE226A /* CCBlockSupport.m in Sources */,
				D7E146041588CE7B00FE226A /* CCCamera.m in Sources */,
				D7E146081588CE7C00FE226A /* CCConfiguration.m in Sources */,
				D7E1460B1588CE7C00FE226A /* CCDirector.m in Sources */,
				D7E1460E1588CE7C00FE226A /* CCDrawingPrimitives.m in Sources */,
				D7E146111588CE7C00FE226A /* CCGrabber.m in Sources */,
				D7E146141588CE7C00FE226A /* CCGrid.m in Sources */,
				D7E146171588CE7C00FE226A /* CCLabelAtlas.m in Sources */,
				D7E1461A1588CE7C00FE226A /* CCLabelBMFont.m in Sources */,
				D7E1461D1588CE7C00FE226A /* CCLabelTTF.m in Sources */,
				D7E146201588CE7C00FE226A /* CCLayer.m in Sources */,
				D7E146241588CE7C00FE226A /* CCMenu.m in Sources */,
				D7E146271588CE7C00FE226A /* CCMenuItem.m in Sources */,
				D7E1462A1588CE7C00FE226A /* CCMotionStreak.m in Sources */,
				D7E1462D1588CE7C00FE226A /* CCNode.m in Sources */,
				D7E146301588CE7C00FE226A /* CCParallaxNode.m in Sources */,
				D7E146331588CE7C00FE226A /* CCParticleExamples.m in Sources */,
				D7E146361588CE7C00FE226A /* CCParticleSystem.m in Sources */,
				D7E146391588CE7C00FE226A /* CCParticleSystemPoint.m in Sources */,
				D7E1463C1588CE7C00FE226A /* CCParticleSystemQuad.m in Sources */,
				D7E1463F1588CE7C00FE226A /* CCProgressTimer.m in Sources */,
				D7E146431588CE7C00FE226A /* CCRenderTexture.m in Sources */,
				D7E146461588CE7C00FE226A /* CCRibbon.m in Sources */,
				D7E146491588CE7C00FE226A /* CCScene.m in Sources */,
				D7E1464C1588CE7C00FE226A /* CCScheduler.m in Sources */,
				D7E1464F1588CE7C00FE226A /* CCSprite.m in Sources */,
				D7E146521588CE7C00FE226A /* CCSpriteBatchNode.m in Sources */,
				D7E146551588CE7C00FE226A /* CCSpriteFrame.m in Sources */,
				D7E146581588CE7C00FE226A /* CCSpriteFrameCache.m in Sources */,
				D7E1465B1588CE7C00FE226A /* CCTexture2D.m in Sources */,
				D7E1465E1588CE7D00FE226A /* CCTextureAtlas.m in Sources */,
				D7E146611588CE7D00FE226A /* CCTextureCache.m in Sources */,
				D7E146641588CE7D00FE226A /* CCTexturePVR.m in Sources */,
				D7E146671588CE7D00FE226A /* CCTileMapAtlas.m in Sources */,
				D7E1466A1588CE7D00FE226A /* CCTMXLayer.m in Sources */,
				D7E1466D1588CE7D00FE226A /* CCTMXObjectGroup.m in Sources */,
				D7E146701588CE7D00FE226A /* CCTMXTiledMap.m in Sources */,
				D7E146731588CE7D00FE226A /* CCTMXXMLParser.m in Sources */,
				D7E146761588CE7D00FE226A /* CCTransition.m in Sources */,
				D7E146791588CE7D00FE226A /* CCTransitionPageTurn.m in Sources */,
				D7E1467C1588CE7D00FE226A /* CCTransitionRadial.m in Sources */,
				D7E146801588CE7D00FE226A /* cocos2d.m in Sources */,
				D7E146871588CE7D00FE226A /* CCDirectorIOS.m in Sources */,
				D7E1468B1588CE7D00FE226A /* CCTouchDispatcher.m in Sources */,
				D7E1468E1588CE7D00FE226A /* CCTouchHandler.m in Sources */,
				D7E146911588CE7D00FE226A /* EAGLView.m in Sources */,
				D7E146941588CE7D00FE226A /* ES1Renderer.m in Sources */,
				D7E146971588CE7D00FE226A /* glu.c in Sources */,
				D7E1469C1588CE7D00FE226A /* CCDirectorMac.m in Sources */,
				D7E1469F1588CE7D00FE226A /* CCEventDispatcher.m in Sources */,
				D7E146A21588CE7D00FE226A /* MacGLView.m in Sources */,
				D7E146A51588CE7D00FE226A /* MacWindow.m in Sources */,
				D7E146A81588CE7D00FE226A /* base64.c in Sources */,
				D7E146AC1588CE7D00FE226A /* CCArray.m in Sources */,
				D7E146B01588CE7D00FE226A /* CCFileUtils.m in Sources */,
				D7E146B31588CE7D00FE226A /* CCProfiling.m in Sources */,
				D7E146B51588CE7D00FE226A /* ccUtils.c in Sources */,
				D7E146B91588CE7D00FE226A /* CGPointExtension.m in Sources */,
				D7E146BD1588CE7D00FE226A /* TGAlib.m in Sources */,
				D7E146C01588CE7D00FE226A /* TransformUtils.m in Sources */,
				D7E146C51588CE7E00FE226A /* ZipUtils.m in Sources */,
				D7E146CA1588CE7E00FE226A /* CDAudioManager.m in Sources */,
				D7E146CE1588CE7E00FE226A /* CDOpenALSupport.m in Sources */,
				D7E146D11588CE7E00FE226A /* CocosDenshion.m in Sources */,
				D7E146D41588CE7E00FE226A /* SimpleAudioEngine.m in Sources */,
				D7E146D91588CE7E00FE226A /* CLScoreServerPost.m in Sources */,
				D7E146DC1588CE7E00FE226A /* CLScoreServerRequest.m in Sources */,
				D7E146DF1588CE7E00FE226A /* cocoslive.m in Sources */,
				D7E146E41588CE7E00FE226A /* CDataScanner.m in Sources */,
				D7E146E81588CE7E00FE226A /* CDataScanner_Extensions.m in Sources */,
				D7E146EB1588CE7E00FE226A /* NSDictionary_JSONExtensions.m in Sources */,
				D7E146EF1588CE7E00FE226A /* CJSONDeserializer.m in Sources */,
				D7E146F21588CE7E00FE226A /* CJSONScanner.m in Sources */,
				D7E146F51588CE7E00FE226A /* CJSONSerializer.m in Sources */,
				D7E146FA1588CE7E00FE226A /* FontLabel.m in Sources */,
				D7E146FD1588CE7E00FE226A /* FontLabelStringDrawing.m in Sources */,
				D7E147001588CE7E00FE226A /* FontManager.m in Sources */,
				D7E147031588CE7E00FE226A /* ZAttributedString.m in Sources */,
				D7E147071588CE7E00FE226A /* ZFont.m in Sources */,
				D7E1470C1588CE7E00FE226A /* main.m in Sources */,
				D7E1470F1588CE7E00FE226A /* AppDelegate.m in Sources */,
				D7E147121588CE7E00FE226A /* RootViewController.m in Sources */,
				D7E147151588CE7E00FE226A /* HelloWorldLayer.m in Sources */,
			);
			runOnlyForDeploymentPostprocessing = 0;
		};
/* End PBXSourcesBuildPhase section */

/* Begin XCBuildConfiguration section */
		D7E147171588CE7E00FE226A /* Debug */ = {
			isa = XCBuildConfiguration;
			buildSettings = {
				ARCHS = "$(ARCHS_STANDARD_32_BIT)";
				"CODE_SIGN_IDENTITY[sdk=iphoneos*]" = "iPhone Developer";
				GCC_C_LANGUAGE_STANDARD = gnu99;
				GCC_OPTIMIZATION_LEVEL = 0;
				GCC_PREPROCESSOR_DEFINITIONS = (
					DEBUG,
					"COCOS2D_DEBUG=1",
				);
				GCC_SYMBOLS_PRIVATE_EXTERN = NO;
				GCC_VERSION = com.apple.compilers.llvmgcc42;
				GCC_WARN_ABOUT_RETURN_TYPE = YES;
				GCC_WARN_UNUSED_VARIABLE = YES;
				IPHONEOS_DEPLOYMENT_TARGET = 5.1;
				SDKROOT = iphoneos;
			};
			name = Debug;
		};
		D7E147181588CE7E00FE226A /* Release */ = {
			isa = XCBuildConfiguration;
			buildSettings = {
				ARCHS = "$(ARCHS_STANDARD_32_BIT)";
				"CODE_SIGN_IDENTITY[sdk=iphoneos*]" = "iPhone Developer";
				GCC_C_LANGUAGE_STANDARD = gnu99;
				GCC_PREPROCESSOR_DEFINITIONS = NDEBUG;
				GCC_VERSION = com.apple.compilers.llvmgcc42;
				GCC_WARN_ABOUT_RETURN_TYPE = YES;
				GCC_WARN_UNUSED_VARIABLE = YES;
				IPHONEOS_DEPLOYMENT_TARGET = 5.1;
				OTHER_CFLAGS = "-DNS_BLOCK_ASSERTIONS=1";
				SDKROOT = iphoneos;
			};
			name = Release;
		};
		D7E1471A1588CE7E00FE226A /* Debug */ = {
			isa = XCBuildConfiguration;
			buildSettings = {
				ALWAYS_SEARCH_USER_PATHS = NO;
				COPY_PHASE_STRIP = NO;
				GCC_DYNAMIC_NO_PIC = NO;
				GCC_PRECOMPILE_PREFIX_HEADER = YES;
				GCC_PREFIX_HEADER = shooter/Prefix.pch;
				"GCC_THUMB_SUPPORT[arch=armv6]" = "";
				INFOPLIST_FILE = shooter/Resources/Info.plist;
				OTHER_LDFLAGS = "-lz";
				PRODUCT_NAME = "$(TARGET_NAME)";
				WRAPPER_EXTENSION = app;
			};
			name = Debug;
		};
		D7E1471B1588CE7E00FE226A /* Release */ = {
			isa = XCBuildConfiguration;
			buildSettings = {
				ALWAYS_SEARCH_USER_PATHS = NO;
				COPY_PHASE_STRIP = YES;
				GCC_PRECOMPILE_PREFIX_HEADER = YES;
				GCC_PREFIX_HEADER = shooter/Prefix.pch;
				"GCC_THUMB_SUPPORT[arch=armv6]" = "";
				INFOPLIST_FILE = shooter/Resources/Info.plist;
				OTHER_LDFLAGS = "-lz";
				PRODUCT_NAME = "$(TARGET_NAME)";
				VALIDATE_PRODUCT = YES;
				WRAPPER_EXTENSION = app;
			};
			name = Release;
		};
/* End XCBuildConfiguration section */

/* Begin XCConfigurationList section */
		D7E145A11588CE7A00FE226A /* Build configuration list for PBXProject "shooter" */ = {
			isa = XCConfigurationList;
			buildConfigurations = (
				D7E147171588CE7E00FE226A /* Debug */,
				D7E147181588CE7E00FE226A /* Release */,
			);
			defaultConfigurationIsVisible = 0;
			defaultConfigurationName = Release;
		};
		D7E147191588CE7E00FE226A /* Build configuration list for PBXNativeTarget "shooter" */ = {
			isa = XCConfigurationList;
			buildConfigurations = (
				D7E1471A1588CE7E00FE226A /* Debug */,
				D7E1471B1588CE7E00FE226A /* Release */,
			);
			defaultConfigurationIsVisible = 0;
		};
/* End XCConfigurationList section */
	};
	rootObject = D7E1459E1588CE7A00FE226A /* Project object */;
}
